// !$*UTF8*$!
{
	archiveVersion = 1;
	classes = {
	};
	objectVersion = 55;
	objects = {

/* Begin PBXBuildFile section */
		E84709A1273D621C00B3446E /* AppDelegate.swift in Sources */ = {isa = PBXBuildFile; fileRef = E84709A0273D621C00B3446E /* AppDelegate.swift */; };
		E84709A3273D621C00B3446E /* SceneDelegate.swift in Sources */ = {isa = PBXBuildFile; fileRef = E84709A2273D621C00B3446E /* SceneDelegate.swift */; };
		E84709A5273D621C00B3446E /* ViewController.swift in Sources */ = {isa = PBXBuildFile; fileRef = E84709A4273D621C00B3446E /* ViewController.swift */; };
		E84709A8273D621C00B3446E /* Main.storyboard in Resources */ = {isa = PBXBuildFile; fileRef = E84709A6273D621C00B3446E /* Main.storyboard */; };
		E84709AA273D621E00B3446E /* Assets.xcassets in Resources */ = {isa = PBXBuildFile; fileRef = E84709A9273D621E00B3446E /* Assets.xcassets */; };
		E84709AD273D621E00B3446E /* LaunchScreen.storyboard in Resources */ = {isa = PBXBuildFile; fileRef = E84709AB273D621E00B3446E /* LaunchScreen.storyboard */; };
		E84709B5273D7D1600B3446E /* MyTableViewController.swift in Sources */ = {isa = PBXBuildFile; fileRef = E84709B4273D7D1600B3446E /* MyTableViewController.swift */; };
		E84709B8273D884400B3446E /* Category.swift in Sources */ = {isa = PBXBuildFile; fileRef = E84709B7273D884400B3446E /* Category.swift */; };
		E84709BA273D885A00B3446E /* CategoryDirectory.swift in Sources */ = {isa = PBXBuildFile; fileRef = E84709B9273D885A00B3446E /* CategoryDirectory.swift */; };
		E84709BC273D886A00B3446E /* Company.swift in Sources */ = {isa = PBXBuildFile; fileRef = E84709BB273D886A00B3446E /* Company.swift */; };
		E84709BE273D887B00B3446E /* CompanyDirectory.swift in Sources */ = {isa = PBXBuildFile; fileRef = E84709BD273D887B00B3446E /* CompanyDirectory.swift */; };
		E84709C0273D888C00B3446E /* Customer.swift in Sources */ = {isa = PBXBuildFile; fileRef = E84709BF273D888C00B3446E /* Customer.swift */; };
		E84709C2273D889700B3446E /* CustomerDirectory.swift in Sources */ = {isa = PBXBuildFile; fileRef = E84709C1273D889700B3446E /* CustomerDirectory.swift */; };
		E84709C4273D88A300B3446E /* Order.swift in Sources */ = {isa = PBXBuildFile; fileRef = E84709C3273D88A300B3446E /* Order.swift */; };
		E84709C6273D88AF00B3446E /* OrderDirectory.swift in Sources */ = {isa = PBXBuildFile; fileRef = E84709C5273D88AF00B3446E /* OrderDirectory.swift */; };
		E84709C8273D88B900B3446E /* Stock.swift in Sources */ = {isa = PBXBuildFile; fileRef = E84709C7273D88B900B3446E /* Stock.swift */; };
		E84709CA273D88C400B3446E /* StockDirectory.swift in Sources */ = {isa = PBXBuildFile; fileRef = E84709C9273D88C400B3446E /* StockDirectory.swift */; };
		E84709CC273D88D100B3446E /* SellStock.swift in Sources */ = {isa = PBXBuildFile; fileRef = E84709CB273D88D100B3446E /* SellStock.swift */; };
		E84709CE273D88DD00B3446E /* SellStockDirectory.swift in Sources */ = {isa = PBXBuildFile; fileRef = E84709CD273D88DC00B3446E /* SellStockDirectory.swift */; };
		E84709D1273DA36300B3446E /* CustomerManager.swift in Sources */ = {isa = PBXBuildFile; fileRef = E84709D0273DA36300B3446E /* CustomerManager.swift */; };
		E84709D3273DA36E00B3446E /* CompanyManager.swift in Sources */ = {isa = PBXBuildFile; fileRef = E84709D2273DA36E00B3446E /* CompanyManager.swift */; };
		E84709D5273DA37A00B3446E /* StockManager.swift in Sources */ = {isa = PBXBuildFile; fileRef = E84709D4273DA37A00B3446E /* StockManager.swift */; };
		E84709D7273DA39100B3446E /* CategoryManager.swift in Sources */ = {isa = PBXBuildFile; fileRef = E84709D6273DA39100B3446E /* CategoryManager.swift */; };
		E84709D9273DA3A100B3446E /* OrderManager.swift in Sources */ = {isa = PBXBuildFile; fileRef = E84709D8273DA3A100B3446E /* OrderManager.swift */; };
		E84709DD273DA57800B3446E /* SellStockManager.swift in Sources */ = {isa = PBXBuildFile; fileRef = E84709DC273DA57800B3446E /* SellStockManager.swift */; };
		E84709E0273DA6C400B3446E /* ViewCustomerTableViewController.swift in Sources */ = {isa = PBXBuildFile; fileRef = E84709DF273DA6C400B3446E /* ViewCustomerTableViewController.swift */; };
		E84709E2273DAE8000B3446E /* TabBarViewController.swift in Sources */ = {isa = PBXBuildFile; fileRef = E84709E1273DAE8000B3446E /* TabBarViewController.swift */; };
		E84709E4273DBDBF00B3446E /* AddCustomerViewController.swift in Sources */ = {isa = PBXBuildFile; fileRef = E84709E3273DBDBF00B3446E /* AddCustomerViewController.swift */; };
		E891730A273F3B7200E40460 /* UpdateCustomerViewController.swift in Sources */ = {isa = PBXBuildFile; fileRef = E8917309273F3B7200E40460 /* UpdateCustomerViewController.swift */; };
		E891730D273F4AE400E40460 /* CategoryTableViewController.swift in Sources */ = {isa = PBXBuildFile; fileRef = E891730C273F4AE400E40460 /* CategoryTableViewController.swift */; };
		E891730F273F4D8500E40460 /* CreateCategoryViewController.swift in Sources */ = {isa = PBXBuildFile; fileRef = E891730E273F4D8500E40460 /* CreateCategoryViewController.swift */; };
		E8917311273F4EA500E40460 /* UpdateCategoryViewController.swift in Sources */ = {isa = PBXBuildFile; fileRef = E8917310273F4EA500E40460 /* UpdateCategoryViewController.swift */; };
		E8EE116A2741B1C8005A0DCD /* CompanyTableViewController.swift in Sources */ = {isa = PBXBuildFile; fileRef = E8EE11692741B1C8005A0DCD /* CompanyTableViewController.swift */; };
		E8EE116C2741B491005A0DCD /* CreateCompanyViewController.swift in Sources */ = {isa = PBXBuildFile; fileRef = E8EE116B2741B491005A0DCD /* CreateCompanyViewController.swift */; };
		E8EE116E2741B4A1005A0DCD /* UpdateCompanyViewController.swift in Sources */ = {isa = PBXBuildFile; fileRef = E8EE116D2741B4A1005A0DCD /* UpdateCompanyViewController.swift */; };
		E8EE11732741B883005A0DCD /* Apple.png in Resources */ = {isa = PBXBuildFile; fileRef = E8EE11702741B883005A0DCD /* Apple.png */; };
		E8EE11742741B883005A0DCD /* fb.png in Resources */ = {isa = PBXBuildFile; fileRef = E8EE11712741B883005A0DCD /* fb.png */; };
		E8EE11752741B883005A0DCD /* Amazon.png in Resources */ = {isa = PBXBuildFile; fileRef = E8EE11722741B883005A0DCD /* Amazon.png */; };
/* End PBXBuildFile section */

/* Begin PBXFileReference section */
		E847099D273D621C00B3446E /* Assignment8 Storyboard.app */ = {isa = PBXFileReference; explicitFileType = wrapper.application; includeInIndex = 0; path = "Assignment8 Storyboard.app"; sourceTree = BUILT_PRODUCTS_DIR; };
		E84709A0273D621C00B3446E /* AppDelegate.swift */ = {isa = PBXFileReference; lastKnownFileType = sourcecode.swift; path = AppDelegate.swift; sourceTree = "<group>"; };
		E84709A2273D621C00B3446E /* SceneDelegate.swift */ = {isa = PBXFileReference; lastKnownFileType = sourcecode.swift; path = SceneDelegate.swift; sourceTree = "<group>"; };
		E84709A4273D621C00B3446E /* ViewController.swift */ = {isa = PBXFileReference; lastKnownFileType = sourcecode.swift; path = ViewController.swift; sourceTree = "<group>"; };
		E84709A7273D621C00B3446E /* Base */ = {isa = PBXFileReference; lastKnownFileType = file.storyboard; name = Base; path = Base.lproj/Main.storyboard; sourceTree = "<group>"; };
		E84709A9273D621E00B3446E /* Assets.xcassets */ = {isa = PBXFileReference; lastKnownFileType = folder.assetcatalog; path = Assets.xcassets; sourceTree = "<group>"; };
		E84709AC273D621E00B3446E /* Base */ = {isa = PBXFileReference; lastKnownFileType = file.storyboard; name = Base; path = Base.lproj/LaunchScreen.storyboard; sourceTree = "<group>"; };
		E84709AE273D621E00B3446E /* Info.plist */ = {isa = PBXFileReference; lastKnownFileType = text.plist.xml; path = Info.plist; sourceTree = "<group>"; };
		E84709B4273D7D1600B3446E /* MyTableViewController.swift */ = {isa = PBXFileReference; lastKnownFileType = sourcecode.swift; path = MyTableViewController.swift; sourceTree = "<group>"; };
		E84709B7273D884400B3446E /* Category.swift */ = {isa = PBXFileReference; lastKnownFileType = sourcecode.swift; path = Category.swift; sourceTree = "<group>"; };
		E84709B9273D885A00B3446E /* CategoryDirectory.swift */ = {isa = PBXFileReference; lastKnownFileType = sourcecode.swift; path = CategoryDirectory.swift; sourceTree = "<group>"; };
		E84709BB273D886A00B3446E /* Company.swift */ = {isa = PBXFileReference; lastKnownFileType = sourcecode.swift; path = Company.swift; sourceTree = "<group>"; };
		E84709BD273D887B00B3446E /* CompanyDirectory.swift */ = {isa = PBXFileReference; lastKnownFileType = sourcecode.swift; path = CompanyDirectory.swift; sourceTree = "<group>"; };
		E84709BF273D888C00B3446E /* Customer.swift */ = {isa = PBXFileReference; lastKnownFileType = sourcecode.swift; path = Customer.swift; sourceTree = "<group>"; };
		E84709C1273D889700B3446E /* CustomerDirectory.swift */ = {isa = PBXFileReference; lastKnownFileType = sourcecode.swift; path = CustomerDirectory.swift; sourceTree = "<group>"; };
		E84709C3273D88A300B3446E /* Order.swift */ = {isa = PBXFileReference; lastKnownFileType = sourcecode.swift; path = Order.swift; sourceTree = "<group>"; };
		E84709C5273D88AF00B3446E /* OrderDirectory.swift */ = {isa = PBXFileReference; lastKnownFileType = sourcecode.swift; path = OrderDirectory.swift; sourceTree = "<group>"; };
		E84709C7273D88B900B3446E /* Stock.swift */ = {isa = PBXFileReference; lastKnownFileType = sourcecode.swift; path = Stock.swift; sourceTree = "<group>"; };
		E84709C9273D88C400B3446E /* StockDirectory.swift */ = {isa = PBXFileReference; lastKnownFileType = sourcecode.swift; path = StockDirectory.swift; sourceTree = "<group>"; };
		E84709CB273D88D100B3446E /* SellStock.swift */ = {isa = PBXFileReference; lastKnownFileType = sourcecode.swift; path = SellStock.swift; sourceTree = "<group>"; };
		E84709CD273D88DC00B3446E /* SellStockDirectory.swift */ = {isa = PBXFileReference; lastKnownFileType = sourcecode.swift; path = SellStockDirectory.swift; sourceTree = "<group>"; };
		E84709D0273DA36300B3446E /* CustomerManager.swift */ = {isa = PBXFileReference; lastKnownFileType = sourcecode.swift; path = CustomerManager.swift; sourceTree = "<group>"; };
		E84709D2273DA36E00B3446E /* CompanyManager.swift */ = {isa = PBXFileReference; lastKnownFileType = sourcecode.swift; path = CompanyManager.swift; sourceTree = "<group>"; };
		E84709D4273DA37A00B3446E /* StockManager.swift */ = {isa = PBXFileReference; lastKnownFileType = sourcecode.swift; path = StockManager.swift; sourceTree = "<group>"; };
		E84709D6273DA39100B3446E /* CategoryManager.swift */ = {isa = PBXFileReference; lastKnownFileType = sourcecode.swift; path = CategoryManager.swift; sourceTree = "<group>"; };
		E84709D8273DA3A100B3446E /* OrderManager.swift */ = {isa = PBXFileReference; lastKnownFileType = sourcecode.swift; path = OrderManager.swift; sourceTree = "<group>"; };
		E84709DC273DA57800B3446E /* SellStockManager.swift */ = {isa = PBXFileReference; lastKnownFileType = sourcecode.swift; path = SellStockManager.swift; sourceTree = "<group>"; };
		E84709DF273DA6C400B3446E /* ViewCustomerTableViewController.swift */ = {isa = PBXFileReference; lastKnownFileType = sourcecode.swift; path = ViewCustomerTableViewController.swift; sourceTree = "<group>"; };
		E84709E1273DAE8000B3446E /* TabBarViewController.swift */ = {isa = PBXFileReference; lastKnownFileType = sourcecode.swift; path = TabBarViewController.swift; sourceTree = "<group>"; };
		E84709E3273DBDBF00B3446E /* AddCustomerViewController.swift */ = {isa = PBXFileReference; lastKnownFileType = sourcecode.swift; path = AddCustomerViewController.swift; sourceTree = "<group>"; };
		E8917309273F3B7200E40460 /* UpdateCustomerViewController.swift */ = {isa = PBXFileReference; lastKnownFileType = sourcecode.swift; path = UpdateCustomerViewController.swift; sourceTree = "<group>"; };
		E891730C273F4AE400E40460 /* CategoryTableViewController.swift */ = {isa = PBXFileReference; lastKnownFileType = sourcecode.swift; path = CategoryTableViewController.swift; sourceTree = "<group>"; };
		E891730E273F4D8500E40460 /* CreateCategoryViewController.swift */ = {isa = PBXFileReference; lastKnownFileType = sourcecode.swift; path = CreateCategoryViewController.swift; sourceTree = "<group>"; };
		E8917310273F4EA500E40460 /* UpdateCategoryViewController.swift */ = {isa = PBXFileReference; lastKnownFileType = sourcecode.swift; path = UpdateCategoryViewController.swift; sourceTree = "<group>"; };
		E8EE11692741B1C8005A0DCD /* CompanyTableViewController.swift */ = {isa = PBXFileReference; lastKnownFileType = sourcecode.swift; path = CompanyTableViewController.swift; sourceTree = "<group>"; };
		E8EE116B2741B491005A0DCD /* CreateCompanyViewController.swift */ = {isa = PBXFileReference; lastKnownFileType = sourcecode.swift; path = CreateCompanyViewController.swift; sourceTree = "<group>"; };
		E8EE116D2741B4A1005A0DCD /* UpdateCompanyViewController.swift */ = {isa = PBXFileReference; lastKnownFileType = sourcecode.swift; path = UpdateCompanyViewController.swift; sourceTree = "<group>"; };
		E8EE11702741B883005A0DCD /* Apple.png */ = {isa = PBXFileReference; lastKnownFileType = image.png; path = Apple.png; sourceTree = "<group>"; };
		E8EE11712741B883005A0DCD /* fb.png */ = {isa = PBXFileReference; lastKnownFileType = image.png; path = fb.png; sourceTree = "<group>"; };
		E8EE11722741B883005A0DCD /* Amazon.png */ = {isa = PBXFileReference; lastKnownFileType = image.png; path = Amazon.png; sourceTree = "<group>"; };
/* End PBXFileReference section */

/* Begin PBXFrameworksBuildPhase section */
		E847099A273D621C00B3446E /* Frameworks */ = {
			isa = PBXFrameworksBuildPhase;
			buildActionMask = 2147483647;
			files = (
			);
			runOnlyForDeploymentPostprocessing = 0;
		};
/* End PBXFrameworksBuildPhase section */

/* Begin PBXGroup section */
		E8470994273D621C00B3446E = {
			isa = PBXGroup;
			children = (
				E847099F273D621C00B3446E /* Assignment8 Storyboard */,
				E847099E273D621C00B3446E /* Products */,
			);
			sourceTree = "<group>";
		};
		E847099E273D621C00B3446E /* Products */ = {
			isa = PBXGroup;
			children = (
				E847099D273D621C00B3446E /* Assignment8 Storyboard.app */,
			);
			name = Products;
			sourceTree = "<group>";
		};
		E847099F273D621C00B3446E /* Assignment8 Storyboard */ = {
			isa = PBXGroup;
			children = (
				E8EE116F2741B73A005A0DCD /* Images */,
				E8EE11682741AFF7005A0DCD /* Company Manage */,
				E891730B273F4AB300E40460 /* Category Manage */,
				E84709DE273DA68A00B3446E /* Customer Manage */,
				E84709CF273DA33E00B3446E /* Manager */,
				E84709B6273D87F200B3446E /* Models */,
				E84709A0273D621C00B3446E /* AppDelegate.swift */,
				E84709E1273DAE8000B3446E /* TabBarViewController.swift */,
				E84709A2273D621C00B3446E /* SceneDelegate.swift */,
				E84709A4273D621C00B3446E /* ViewController.swift */,
				E84709A6273D621C00B3446E /* Main.storyboard */,
				E84709A9273D621E00B3446E /* Assets.xcassets */,
				E84709AB273D621E00B3446E /* LaunchScreen.storyboard */,
				E84709AE273D621E00B3446E /* Info.plist */,
				E84709B4273D7D1600B3446E /* MyTableViewController.swift */,
			);
			path = "Assignment8 Storyboard";
			sourceTree = "<group>";
		};
		E84709B6273D87F200B3446E /* Models */ = {
			isa = PBXGroup;
			children = (
				E84709B7273D884400B3446E /* Category.swift */,
				E84709B9273D885A00B3446E /* CategoryDirectory.swift */,
				E84709BB273D886A00B3446E /* Company.swift */,
				E84709BD273D887B00B3446E /* CompanyDirectory.swift */,
				E84709BF273D888C00B3446E /* Customer.swift */,
				E84709C1273D889700B3446E /* CustomerDirectory.swift */,
				E84709C3273D88A300B3446E /* Order.swift */,
				E84709C5273D88AF00B3446E /* OrderDirectory.swift */,
				E84709C7273D88B900B3446E /* Stock.swift */,
				E84709C9273D88C400B3446E /* StockDirectory.swift */,
				E84709CB273D88D100B3446E /* SellStock.swift */,
				E84709CD273D88DC00B3446E /* SellStockDirectory.swift */,
			);
			path = Models;
			sourceTree = "<group>";
		};
		E84709CF273DA33E00B3446E /* Manager */ = {
			isa = PBXGroup;
			children = (
				E84709D0273DA36300B3446E /* CustomerManager.swift */,
				E84709D2273DA36E00B3446E /* CompanyManager.swift */,
				E84709D4273DA37A00B3446E /* StockManager.swift */,
				E84709D6273DA39100B3446E /* CategoryManager.swift */,
				E84709D8273DA3A100B3446E /* OrderManager.swift */,
				E84709DC273DA57800B3446E /* SellStockManager.swift */,
			);
			path = Manager;
			sourceTree = "<group>";
		};
		E84709DE273DA68A00B3446E /* Customer Manage */ = {
			isa = PBXGroup;
			children = (
				E84709DF273DA6C400B3446E /* ViewCustomerTableViewController.swift */,
				E84709E3273DBDBF00B3446E /* AddCustomerViewController.swift */,
				E8917309273F3B7200E40460 /* UpdateCustomerViewController.swift */,
			);
			path = "Customer Manage";
			sourceTree = "<group>";
		};
		E891730B273F4AB300E40460 /* Category Manage */ = {
			isa = PBXGroup;
			children = (
				E891730C273F4AE400E40460 /* CategoryTableViewController.swift */,
				E891730E273F4D8500E40460 /* CreateCategoryViewController.swift */,
				E8917310273F4EA500E40460 /* UpdateCategoryViewController.swift */,
			);
			path = "Category Manage";
			sourceTree = "<group>";
		};
		E8EE11682741AFF7005A0DCD /* Company Manage */ = {
			isa = PBXGroup;
			children = (
				E8EE11692741B1C8005A0DCD /* CompanyTableViewController.swift */,
				E8EE116B2741B491005A0DCD /* CreateCompanyViewController.swift */,
				E8EE116D2741B4A1005A0DCD /* UpdateCompanyViewController.swift */,
			);
			path = "Company Manage";
			sourceTree = "<group>";
		};
		E8EE116F2741B73A005A0DCD /* Images */ = {
			isa = PBXGroup;
			children = (
				E8EE11722741B883005A0DCD /* Amazon.png */,
				E8EE11702741B883005A0DCD /* Apple.png */,
				E8EE11712741B883005A0DCD /* fb.png */,
			);
			path = Images;
			sourceTree = "<group>";
		};
/* End PBXGroup section */

/* Begin PBXNativeTarget section */
		E847099C273D621C00B3446E /* Assignment8 Storyboard */ = {
			isa = PBXNativeTarget;
			buildConfigurationList = E84709B1273D621E00B3446E /* Build configuration list for PBXNativeTarget "Assignment8 Storyboard" */;
			buildPhases = (
				E8470999273D621C00B3446E /* Sources */,
				E847099A273D621C00B3446E /* Frameworks */,
				E847099B273D621C00B3446E /* Resources */,
			);
			buildRules = (
			);
			dependencies = (
			);
			name = "Assignment8 Storyboard";
			productName = "Assignment8 Storyboard";
			productReference = E847099D273D621C00B3446E /* Assignment8 Storyboard.app */;
			productType = "com.apple.product-type.application";
		};
/* End PBXNativeTarget section */

/* Begin PBXProject section */
		E8470995273D621C00B3446E /* Project object */ = {
			isa = PBXProject;
			attributes = {
				BuildIndependentTargetsInParallel = 1;
				LastSwiftUpdateCheck = 1300;
				LastUpgradeCheck = 1300;
				TargetAttributes = {
					E847099C273D621C00B3446E = {
						CreatedOnToolsVersion = 13.0;
					};
				};
			};
			buildConfigurationList = E8470998273D621C00B3446E /* Build configuration list for PBXProject "Assignment8 Storyboard" */;
			compatibilityVersion = "Xcode 13.0";
			developmentRegion = en;
			hasScannedForEncodings = 0;
			knownRegions = (
				en,
				Base,
			);
			mainGroup = E8470994273D621C00B3446E;
			productRefGroup = E847099E273D621C00B3446E /* Products */;
			projectDirPath = "";
			projectRoot = "";
			targets = (
				E847099C273D621C00B3446E /* Assignment8 Storyboard */,
			);
		};
/* End PBXProject section */

/* Begin PBXResourcesBuildPhase section */
		E847099B273D621C00B3446E /* Resources */ = {
			isa = PBXResourcesBuildPhase;
			buildActionMask = 2147483647;
			files = (
				E8EE11742741B883005A0DCD /* fb.png in Resources */,
				E8EE11752741B883005A0DCD /* Amazon.png in Resources */,
				E84709AD273D621E00B3446E /* LaunchScreen.storyboard in Resources */,
				E84709AA273D621E00B3446E /* Assets.xcassets in Resources */,
				E8EE11732741B883005A0DCD /* Apple.png in Resources */,
				E84709A8273D621C00B3446E /* Main.storyboard in Resources */,
			);
			runOnlyForDeploymentPostprocessing = 0;
		};
/* End PBXResourcesBuildPhase section */

/* Begin PBXSourcesBuildPhase section */
		E8470999273D621C00B3446E /* Sources */ = {
			isa = PBXSourcesBuildPhase;
			buildActionMask = 2147483647;
			files = (
				E84709A5273D621C00B3446E /* ViewController.swift in Sources */,
				E84709BA273D885A00B3446E /* CategoryDirectory.swift in Sources */,
				E84709CA273D88C400B3446E /* StockDirectory.swift in Sources */,
				E84709B8273D884400B3446E /* Category.swift in Sources */,
				E84709E4273DBDBF00B3446E /* AddCustomerViewController.swift in Sources */,
				E84709A1273D621C00B3446E /* AppDelegate.swift in Sources */,
				E8EE116C2741B491005A0DCD /* CreateCompanyViewController.swift in Sources */,
				E84709D7273DA39100B3446E /* CategoryManager.swift in Sources */,
				E84709DD273DA57800B3446E /* SellStockManager.swift in Sources */,
				E8EE116A2741B1C8005A0DCD /* CompanyTableViewController.swift in Sources */,
				E84709C8273D88B900B3446E /* Stock.swift in Sources */,
				E84709CC273D88D100B3446E /* SellStock.swift in Sources */,
				E84709C6273D88AF00B3446E /* OrderDirectory.swift in Sources */,
				E84709C4273D88A300B3446E /* Order.swift in Sources */,
				E84709D3273DA36E00B3446E /* CompanyManager.swift in Sources */,
				E84709BC273D886A00B3446E /* Company.swift in Sources */,
				E891730D273F4AE400E40460 /* CategoryTableViewController.swift in Sources */,
				E84709BE273D887B00B3446E /* CompanyDirectory.swift in Sources */,
				E84709C0273D888C00B3446E /* Customer.swift in Sources */,
				E84709CE273D88DD00B3446E /* SellStockDirectory.swift in Sources */,
				E84709E2273DAE8000B3446E /* TabBarViewController.swift in Sources */,
				E84709C2273D889700B3446E /* CustomerDirectory.swift in Sources */,
				E8917311273F4EA500E40460 /* UpdateCategoryViewController.swift in Sources */,
				E84709A3273D621C00B3446E /* SceneDelegate.swift in Sources */,
				E84709D5273DA37A00B3446E /* StockManager.swift in Sources */,
				E84709D9273DA3A100B3446E /* OrderManager.swift in Sources */,
				E84709D1273DA36300B3446E /* CustomerManager.swift in Sources */,
				E84709E0273DA6C400B3446E /* ViewCustomerTableViewController.swift in Sources */,
				E84709B5273D7D1600B3446E /* MyTableViewController.swift in Sources */,
				E891730F273F4D8500E40460 /* CreateCategoryViewController.swift in Sources */,
				E891730A273F3B7200E40460 /* UpdateCustomerViewController.swift in Sources */,
				E8EE116E2741B4A1005A0DCD /* UpdateCompanyViewController.swift in Sources */,
			);
			runOnlyForDeploymentPostprocessing = 0;
		};
/* End PBXSourcesBuildPhase section */

/* Begin PBXVariantGroup section */
		E84709A6273D621C00B3446E /* Main.storyboard */ = {
			isa = PBXVariantGroup;
			children = (
				E84709A7273D621C00B3446E /* Base */,
			);
			name = Main.storyboard;
			sourceTree = "<group>";
		};
		E84709AB273D621E00B3446E /* LaunchScreen.storyboard */ = {
			isa = PBXVariantGroup;
			children = (
				E84709AC273D621E00B3446E /* Base */,
			);
			name = LaunchScreen.storyboard;
			sourceTree = "<group>";
		};
/* End PBXVariantGroup section */

/* Begin XCBuildConfiguration section */
		E84709AF273D621E00B3446E /* Debug */ = {
			isa = XCBuildConfiguration;
			buildSettings = {
				ALWAYS_SEARCH_USER_PATHS = NO;
				CLANG_ANALYZER_NONNULL = YES;
				CLANG_ANALYZER_NUMBER_OBJECT_CONVERSION = YES_AGGRESSIVE;
				CLANG_CXX_LANGUAGE_STANDARD = "gnu++17";
				CLANG_CXX_LIBRARY = "libc++";
				CLANG_ENABLE_MODULES = YES;
				CLANG_ENABLE_OBJC_ARC = YES;
				CLANG_ENABLE_OBJC_WEAK = YES;
				CLANG_WARN_BLOCK_CAPTURE_AUTORELEASING = YES;
				CLANG_WARN_BOOL_CONVERSION = YES;
				CLANG_WARN_COMMA = YES;
				CLANG_WARN_CONSTANT_CONVERSION = YES;
				CLANG_WARN_DEPRECATED_OBJC_IMPLEMENTATIONS = YES;
				CLANG_WARN_DIRECT_OBJC_ISA_USAGE = YES_ERROR;
				CLANG_WARN_DOCUMENTATION_COMMENTS = YES;
				CLANG_WARN_EMPTY_BODY = YES;
				CLANG_WARN_ENUM_CONVERSION = YES;
				CLANG_WARN_INFINITE_RECURSION = YES;
				CLANG_WARN_INT_CONVERSION = YES;
				CLANG_WARN_NON_LITERAL_NULL_CONVERSION = YES;
				CLANG_WARN_OBJC_IMPLICIT_RETAIN_SELF = YES;
				CLANG_WARN_OBJC_LITERAL_CONVERSION = YES;
				CLANG_WARN_OBJC_ROOT_CLASS = YES_ERROR;
				CLANG_WARN_QUOTED_INCLUDE_IN_FRAMEWORK_HEADER = YES;
				CLANG_WARN_RANGE_LOOP_ANALYSIS = YES;
				CLANG_WARN_STRICT_PROTOTYPES = YES;
				CLANG_WARN_SUSPICIOUS_MOVE = YES;
				CLANG_WARN_UNGUARDED_AVAILABILITY = YES_AGGRESSIVE;
				CLANG_WARN_UNREACHABLE_CODE = YES;
				CLANG_WARN__DUPLICATE_METHOD_MATCH = YES;
				COPY_PHASE_STRIP = NO;
				DEBUG_INFORMATION_FORMAT = dwarf;
				ENABLE_STRICT_OBJC_MSGSEND = YES;
				ENABLE_TESTABILITY = YES;
				GCC_C_LANGUAGE_STANDARD = gnu11;
				GCC_DYNAMIC_NO_PIC = NO;
				GCC_NO_COMMON_BLOCKS = YES;
				GCC_OPTIMIZATION_LEVEL = 0;
				GCC_PREPROCESSOR_DEFINITIONS = (
					"DEBUG=1",
					"$(inherited)",
				);
				GCC_WARN_64_TO_32_BIT_CONVERSION = YES;
				GCC_WARN_ABOUT_RETURN_TYPE = YES_ERROR;
				GCC_WARN_UNDECLARED_SELECTOR = YES;
				GCC_WARN_UNINITIALIZED_AUTOS = YES_AGGRESSIVE;
				GCC_WARN_UNUSED_FUNCTION = YES;
				GCC_WARN_UNUSED_VARIABLE = YES;
				IPHONEOS_DEPLOYMENT_TARGET = 15.0;
				MTL_ENABLE_DEBUG_INFO = INCLUDE_SOURCE;
				MTL_FAST_MATH = YES;
				ONLY_ACTIVE_ARCH = YES;
				SDKROOT = iphoneos;
				SWIFT_ACTIVE_COMPILATION_CONDITIONS = DEBUG;
				SWIFT_OPTIMIZATION_LEVEL = "-Onone";
			};
			name = Debug;
		};
		E84709B0273D621E00B3446E /* Release */ = {
			isa = XCBuildConfiguration;
			buildSettings = {
				ALWAYS_SEARCH_USER_PATHS = NO;
				CLANG_ANALYZER_NONNULL = YES;
				CLANG_ANALYZER_NUMBER_OBJECT_CONVERSION = YES_AGGRESSIVE;
				CLANG_CXX_LANGUAGE_STANDARD = "gnu++17";
				CLANG_CXX_LIBRARY = "libc++";
				CLANG_ENABLE_MODULES = YES;
				CLANG_ENABLE_OBJC_ARC = YES;
				CLANG_ENABLE_OBJC_WEAK = YES;
				CLANG_WARN_BLOCK_CAPTURE_AUTORELEASING = YES;
				CLANG_WARN_BOOL_CONVERSION = YES;
				CLANG_WARN_COMMA = YES;
				CLANG_WARN_CONSTANT_CONVERSION = YES;
				CLANG_WARN_DEPRECATED_OBJC_IMPLEMENTATIONS = YES;
				CLANG_WARN_DIRECT_OBJC_ISA_USAGE = YES_ERROR;
				CLANG_WARN_DOCUMENTATION_COMMENTS = YES;
				CLANG_WARN_EMPTY_BODY = YES;
				CLANG_WARN_ENUM_CONVERSION = YES;
				CLANG_WARN_INFINITE_RECURSION = YES;
				CLANG_WARN_INT_CONVERSION = YES;
				CLANG_WARN_NON_LITERAL_NULL_CONVERSION = YES;
				CLANG_WARN_OBJC_IMPLICIT_RETAIN_SELF = YES;
				CLANG_WARN_OBJC_LITERAL_CONVERSION = YES;
				CLANG_WARN_OBJC_ROOT_CLASS = YES_ERROR;
				CLANG_WARN_QUOTED_INCLUDE_IN_FRAMEWORK_HEADER = YES;
				CLANG_WARN_RANGE_LOOP_ANALYSIS = YES;
				CLANG_WARN_STRICT_PROTOTYPES = YES;
				CLANG_WARN_SUSPICIOUS_MOVE = YES;
				CLANG_WARN_UNGUARDED_AVAILABILITY = YES_AGGRESSIVE;
				CLANG_WARN_UNREACHABLE_CODE = YES;
				CLANG_WARN__DUPLICATE_METHOD_MATCH = YES;
				COPY_PHASE_STRIP = NO;
				DEBUG_INFORMATION_FORMAT = "dwarf-with-dsym";
				ENABLE_NS_ASSERTIONS = NO;
				ENABLE_STRICT_OBJC_MSGSEND = YES;
				GCC_C_LANGUAGE_STANDARD = gnu11;
				GCC_NO_COMMON_BLOCKS = YES;
				GCC_WARN_64_TO_32_BIT_CONVERSION = YES;
				GCC_WARN_ABOUT_RETURN_TYPE = YES_ERROR;
				GCC_WARN_UNDECLARED_SELECTOR = YES;
				GCC_WARN_UNINITIALIZED_AUTOS = YES_AGGRESSIVE;
				GCC_WARN_UNUSED_FUNCTION = YES;
				GCC_WARN_UNUSED_VARIABLE = YES;
				IPHONEOS_DEPLOYMENT_TARGET = 15.0;
				MTL_ENABLE_DEBUG_INFO = NO;
				MTL_FAST_MATH = YES;
				SDKROOT = iphoneos;
				SWIFT_COMPILATION_MODE = wholemodule;
				SWIFT_OPTIMIZATION_LEVEL = "-O";
				VALIDATE_PRODUCT = YES;
			};
			name = Release;
		};
		E84709B2273D621E00B3446E /* Debug */ = {
			isa = XCBuildConfiguration;
			buildSettings = {
				ASSETCATALOG_COMPILER_APPICON_NAME = AppIcon;
				ASSETCATALOG_COMPILER_GLOBAL_ACCENT_COLOR_NAME = AccentColor;
				CODE_SIGN_STYLE = Automatic;
				CURRENT_PROJECT_VERSION = 1;
				GENERATE_INFOPLIST_FILE = YES;
				INFOPLIST_FILE = "Assignment8 Storyboard/Info.plist";
				INFOPLIST_KEY_UIApplicationSupportsIndirectInputEvents = YES;
				INFOPLIST_KEY_UILaunchStoryboardName = LaunchScreen;
				INFOPLIST_KEY_UIMainStoryboardFile = Main;
				INFOPLIST_KEY_UISupportedInterfaceOrientations_iPad = "UIInterfaceOrientationPortrait UIInterfaceOrientationPortraitUpsideDown UIInterfaceOrientationLandscapeLeft UIInterfaceOrientationLandscapeRight";
				INFOPLIST_KEY_UISupportedInterfaceOrientations_iPhone = "UIInterfaceOrientationPortrait UIInterfaceOrientationLandscapeLeft UIInterfaceOrientationLandscapeRight";
				LD_RUNPATH_SEARCH_PATHS = (
					"$(inherited)",
					"@executable_path/Frameworks",
				);
				MARKETING_VERSION = 1.0;
				PRODUCT_BUNDLE_IDENTIFIER = "YiningChen.Assignment8-Storyboard";
				PRODUCT_NAME = "$(TARGET_NAME)";
				SWIFT_EMIT_LOC_STRINGS = YES;
				SWIFT_VERSION = 5.0;
				TARGETED_DEVICE_FAMILY = "1,2";
			};
			name = Debug;
		};
		E84709B3273D621E00B3446E /* Release */ = {
			isa = XCBuildConfiguration;
			buildSettings = {
				ASSETCATALOG_COMPILER_APPICON_NAME = AppIcon;
				ASSETCATALOG_COMPILER_GLOBAL_ACCENT_COLOR_NAME = AccentColor;
				CODE_SIGN_STYLE = Automatic;
				CURRENT_PROJECT_VERSION = 1;
				GENERATE_INFOPLIST_FILE = YES;
				INFOPLIST_FILE = "Assignment8 Storyboard/Info.plist";
				INFOPLIST_KEY_UIApplicationSupportsIndirectInputEvents = YES;
				INFOPLIST_KEY_UILaunchStoryboardName = LaunchScreen;
				INFOPLIST_KEY_UIMainStoryboardFile = Main;
				INFOPLIST_KEY_UISupportedInterfaceOrientations_iPad = "UIInterfaceOrientationPortrait UIInterfaceOrientationPortraitUpsideDown UIInterfaceOrientationLandscapeLeft UIInterfaceOrientationLandscapeRight";
				INFOPLIST_KEY_UISupportedInterfaceOrientations_iPhone = "UIInterfaceOrientationPortrait UIInterfaceOrientationLandscapeLeft UIInterfaceOrientationLandscapeRight";
				LD_RUNPATH_SEARCH_PATHS = (
					"$(inherited)",
					"@executable_path/Frameworks",
				);
				MARKETING_VERSION = 1.0;
				PRODUCT_BUNDLE_IDENTIFIER = "YiningChen.Assignment8-Storyboard";
				PRODUCT_NAME = "$(TARGET_NAME)";
				SWIFT_EMIT_LOC_STRINGS = YES;
				SWIFT_VERSION = 5.0;
				TARGETED_DEVICE_FAMILY = "1,2";
			};
			name = Release;
		};
/* End XCBuildConfiguration section */

/* Begin XCConfigurationList section */
		E8470998273D621C00B3446E /* Build configuration list for PBXProject "Assignment8 Storyboard" */ = {
			isa = XCConfigurationList;
			buildConfigurations = (
				E84709AF273D621E00B3446E /* Debug */,
				E84709B0273D621E00B3446E /* Release */,
			);
			defaultConfigurationIsVisible = 0;
			defaultConfigurationName = Release;
		};
		E84709B1273D621E00B3446E /* Build configuration list for PBXNativeTarget "Assignment8 Storyboard" */ = {
			isa = XCConfigurationList;
			buildConfigurations = (
				E84709B2273D621E00B3446E /* Debug */,
				E84709B3273D621E00B3446E /* Release */,
			);
			defaultConfigurationIsVisible = 0;
			defaultConfigurationName = Release;
		};
/* End XCConfigurationList section */
	};
	rootObject = E8470995273D621C00B3446E /* Project object */;
}
