// !$*UTF8*$!
{
	archiveVersion = 1;
	classes = {
	};
	objectVersion = 46;
	objects = {

/* Begin PBXBuildFile section */
		153402A51F939BDB00324E7D /* AppDelegate.swift in Sources */ = {isa = PBXBuildFile; fileRef = 153402A41F939BDA00324E7D /* AppDelegate.swift */; };
		153402AC1F939BDB00324E7D /* Assets.xcassets in Resources */ = {isa = PBXBuildFile; fileRef = 153402AB1F939BDB00324E7D /* Assets.xcassets */; };
		153402AF1F939BDB00324E7D /* LaunchScreen.storyboard in Resources */ = {isa = PBXBuildFile; fileRef = 153402AD1F939BDB00324E7D /* LaunchScreen.storyboard */; };
		E800FE94272CE46A009186E7 /* DeleteCustomerViewController.swift in Sources */ = {isa = PBXBuildFile; fileRef = E800FE93272CE46A009186E7 /* DeleteCustomerViewController.swift */; };
		E800FE96272CEE43009186E7 /* ViewAllCustomerViewController.swift in Sources */ = {isa = PBXBuildFile; fileRef = E800FE95272CEE43009186E7 /* ViewAllCustomerViewController.swift */; };
		E800FE98272CF005009186E7 /* UpdateCustomerViewController.swift in Sources */ = {isa = PBXBuildFile; fileRef = E800FE97272CF005009186E7 /* UpdateCustomerViewController.swift */; };
		E800FE9A272CF0D7009186E7 /* updateDetailViewController.swift in Sources */ = {isa = PBXBuildFile; fileRef = E800FE99272CF0D7009186E7 /* updateDetailViewController.swift */; };
		E800FEBA272D04C6009186E7 /* updateDetailCompanyUIView.swift in Sources */ = {isa = PBXBuildFile; fileRef = E800FEB9272D04C6009186E7 /* updateDetailCompanyUIView.swift */; };
		E800FEBC272D04DB009186E7 /* AddCompanyUIView.swift in Sources */ = {isa = PBXBuildFile; fileRef = E800FEBB272D04DB009186E7 /* AddCompanyUIView.swift */; };
		E800FEBF272D04FB009186E7 /* DeleteCompanyUIView.swift in Sources */ = {isa = PBXBuildFile; fileRef = E800FEBE272D04FB009186E7 /* DeleteCompanyUIView.swift */; };
		E800FEC2272D0522009186E7 /* ViewAllCompanyUIView.swift in Sources */ = {isa = PBXBuildFile; fileRef = E800FEC1272D0522009186E7 /* ViewAllCompanyUIView.swift */; };
		E800FEC6272D0572009186E7 /* CompanyManager.swift in Sources */ = {isa = PBXBuildFile; fileRef = E800FEC5272D0572009186E7 /* CompanyManager.swift */; };
		E800FEC8272D057D009186E7 /* StockManager.swift in Sources */ = {isa = PBXBuildFile; fileRef = E800FEC7272D057D009186E7 /* StockManager.swift */; };
		E800FECA272D058C009186E7 /* CategoryManager.swift in Sources */ = {isa = PBXBuildFile; fileRef = E800FEC9272D058C009186E7 /* CategoryManager.swift */; };
		E800FECC272DC192009186E7 /* ManagerCustomerView.swift in Sources */ = {isa = PBXBuildFile; fileRef = E800FECB272DC192009186E7 /* ManagerCustomerView.swift */; };
		E83FABDB2729E53A00AED145 /* applicationViewController.swift in Sources */ = {isa = PBXBuildFile; fileRef = E83FABDA2729E53A00AED145 /* applicationViewController.swift */; };
		E83FABDD2729EF4200AED145 /* ManageCustomerViewController.swift in Sources */ = {isa = PBXBuildFile; fileRef = E83FABDC2729EF4200AED145 /* ManageCustomerViewController.swift */; };
		E83FABDF272B282700AED145 /* ManageCompanyViewController.swift in Sources */ = {isa = PBXBuildFile; fileRef = E83FABDE272B282700AED145 /* ManageCompanyViewController.swift */; };
		E83FABE7272B2C2B00AED145 /* Category.swift in Sources */ = {isa = PBXBuildFile; fileRef = E83FABE6272B2C2B00AED145 /* Category.swift */; };
		E83FABE9272B2C3100AED145 /* CategoryDirectory.swift in Sources */ = {isa = PBXBuildFile; fileRef = E83FABE8272B2C3100AED145 /* CategoryDirectory.swift */; };
		E83FABEB272B2C3400AED145 /* Company.swift in Sources */ = {isa = PBXBuildFile; fileRef = E83FABEA272B2C3400AED145 /* Company.swift */; };
		E83FABED272B2C3900AED145 /* CompanyDirecrtory.swift in Sources */ = {isa = PBXBuildFile; fileRef = E83FABEC272B2C3900AED145 /* CompanyDirecrtory.swift */; };
		E83FABEF272B2C3D00AED145 /* Customer.swift in Sources */ = {isa = PBXBuildFile; fileRef = E83FABEE272B2C3D00AED145 /* Customer.swift */; };
		E83FABF1272B2C4200AED145 /* CustomerDirectory.swift in Sources */ = {isa = PBXBuildFile; fileRef = E83FABF0272B2C4200AED145 /* CustomerDirectory.swift */; };
		E83FABF3272B2C4600AED145 /* Stock.swift in Sources */ = {isa = PBXBuildFile; fileRef = E83FABF2272B2C4600AED145 /* Stock.swift */; };
		E83FABF5272B2C4900AED145 /* StockDirectory.swift in Sources */ = {isa = PBXBuildFile; fileRef = E83FABF4272B2C4900AED145 /* StockDirectory.swift */; };
		E83FABFC272B64D900AED145 /* AddViewController.swift in Sources */ = {isa = PBXBuildFile; fileRef = E83FABFB272B64D900AED145 /* AddViewController.swift */; };
		E83FAC01272B75E300AED145 /* CustomerManager.swift in Sources */ = {isa = PBXBuildFile; fileRef = E83FAC00272B75E300AED145 /* CustomerManager.swift */; };
		E88328C9272E3E4200E86E6F /* AddCustomerUIView.swift in Sources */ = {isa = PBXBuildFile; fileRef = E88328C8272E3E4200E86E6F /* AddCustomerUIView.swift */; };
		E88328CB272E41EC00E86E6F /* UpdateCustomerUIView.swift in Sources */ = {isa = PBXBuildFile; fileRef = E88328CA272E41EC00E86E6F /* UpdateCustomerUIView.swift */; };
		E88328CD272E41FD00E86E6F /* DeleteCustomerUIVeiw.swift in Sources */ = {isa = PBXBuildFile; fileRef = E88328CC272E41FD00E86E6F /* DeleteCustomerUIVeiw.swift */; };
		E88328CF272E420C00E86E6F /* ViewCustomerUIView.swift in Sources */ = {isa = PBXBuildFile; fileRef = E88328CE272E420C00E86E6F /* ViewCustomerUIView.swift */; };
		E88328D2272E5A0200E86E6F /* UpdateDetailCustomerUIView.swift in Sources */ = {isa = PBXBuildFile; fileRef = E88328D1272E5A0200E86E6F /* UpdateDetailCustomerUIView.swift */; };
		E88328D4272E625E00E86E6F /* AddCategoryUIView.swift in Sources */ = {isa = PBXBuildFile; fileRef = E88328D3272E625E00E86E6F /* AddCategoryUIView.swift */; };
		E88328D6272E627900E86E6F /* UpdateCategoryUIView.swift in Sources */ = {isa = PBXBuildFile; fileRef = E88328D5272E627900E86E6F /* UpdateCategoryUIView.swift */; };
		E88328D8272E629700E86E6F /* DeleteCategoryUIView.swift in Sources */ = {isa = PBXBuildFile; fileRef = E88328D7272E629700E86E6F /* DeleteCategoryUIView.swift */; };
		E88328DA272E62A600E86E6F /* ViewCategoryUIView.swift in Sources */ = {isa = PBXBuildFile; fileRef = E88328D9272E62A600E86E6F /* ViewCategoryUIView.swift */; };
		E88328DC272E62D200E86E6F /* UpdateDetailCategoryUIView.swift in Sources */ = {isa = PBXBuildFile; fileRef = E88328DB272E62D200E86E6F /* UpdateDetailCategoryUIView.swift */; };
		E88328E2272E63CD00E86E6F /* ManageStockUIView.swift in Sources */ = {isa = PBXBuildFile; fileRef = E88328E1272E63CD00E86E6F /* ManageStockUIView.swift */; };
		E88328E4272E63F800E86E6F /* AddStockUIView.swift in Sources */ = {isa = PBXBuildFile; fileRef = E88328E3272E63F800E86E6F /* AddStockUIView.swift */; };
		E88328E6272E641F00E86E6F /* UpdateStockUIView.swift in Sources */ = {isa = PBXBuildFile; fileRef = E88328E5272E641F00E86E6F /* UpdateStockUIView.swift */; };
		E88328E8272E642F00E86E6F /* DeleteStockUIView.swift in Sources */ = {isa = PBXBuildFile; fileRef = E88328E7272E642F00E86E6F /* DeleteStockUIView.swift */; };
		E88328EA272E643F00E86E6F /* ViewStockUIView.swift in Sources */ = {isa = PBXBuildFile; fileRef = E88328E9272E643F00E86E6F /* ViewStockUIView.swift */; };
		E88328EC272E646C00E86E6F /* UpdateDetailStockUIView.swift in Sources */ = {isa = PBXBuildFile; fileRef = E88328EB272E646C00E86E6F /* UpdateDetailStockUIView.swift */; };
		E88328EF272E64A000E86E6F /* UpdateCompanyUIView.swift in Sources */ = {isa = PBXBuildFile; fileRef = E88328EE272E64A000E86E6F /* UpdateCompanyUIView.swift */; };
		E88328F1272E64B900E86E6F /* ManageCompanyUIView.swift in Sources */ = {isa = PBXBuildFile; fileRef = E88328F0272E64B900E86E6F /* ManageCompanyUIView.swift */; };
		E88328F3272E652C00E86E6F /* ManageCategoryUIView.swift in Sources */ = {isa = PBXBuildFile; fileRef = E88328F2272E652C00E86E6F /* ManageCategoryUIView.swift */; };
		E88328F5272E690700E86E6F /* MainPage.swift in Sources */ = {isa = PBXBuildFile; fileRef = E88328F4272E690700E86E6F /* MainPage.swift */; };
/* End PBXBuildFile section */

/* Begin PBXFileReference section */
		153402A11F939BDA00324E7D /* EmptyApp.app */ = {isa = PBXFileReference; explicitFileType = wrapper.application; includeInIndex = 0; path = EmptyApp.app; sourceTree = BUILT_PRODUCTS_DIR; };
		153402A41F939BDA00324E7D /* AppDelegate.swift */ = {isa = PBXFileReference; lastKnownFileType = sourcecode.swift; path = AppDelegate.swift; sourceTree = "<group>"; };
		153402AB1F939BDB00324E7D /* Assets.xcassets */ = {isa = PBXFileReference; lastKnownFileType = folder.assetcatalog; path = Assets.xcassets; sourceTree = "<group>"; };
		153402AE1F939BDB00324E7D /* Base */ = {isa = PBXFileReference; lastKnownFileType = file.storyboard; name = Base; path = Base.lproj/LaunchScreen.storyboard; sourceTree = "<group>"; };
		153402B01F939BDB00324E7D /* Info.plist */ = {isa = PBXFileReference; lastKnownFileType = text.plist.xml; path = Info.plist; sourceTree = "<group>"; };
		E800FE93272CE46A009186E7 /* DeleteCustomerViewController.swift */ = {isa = PBXFileReference; lastKnownFileType = sourcecode.swift; path = DeleteCustomerViewController.swift; sourceTree = "<group>"; };
		E800FE95272CEE43009186E7 /* ViewAllCustomerViewController.swift */ = {isa = PBXFileReference; lastKnownFileType = sourcecode.swift; path = ViewAllCustomerViewController.swift; sourceTree = "<group>"; };
		E800FE97272CF005009186E7 /* UpdateCustomerViewController.swift */ = {isa = PBXFileReference; lastKnownFileType = sourcecode.swift; path = UpdateCustomerViewController.swift; sourceTree = "<group>"; };
		E800FE99272CF0D7009186E7 /* updateDetailViewController.swift */ = {isa = PBXFileReference; lastKnownFileType = sourcecode.swift; path = updateDetailViewController.swift; sourceTree = "<group>"; };
		E800FEB9272D04C6009186E7 /* updateDetailCompanyUIView.swift */ = {isa = PBXFileReference; lastKnownFileType = sourcecode.swift; path = updateDetailCompanyUIView.swift; sourceTree = "<group>"; };
		E800FEBB272D04DB009186E7 /* AddCompanyUIView.swift */ = {isa = PBXFileReference; lastKnownFileType = sourcecode.swift; path = AddCompanyUIView.swift; sourceTree = "<group>"; };
		E800FEBE272D04FB009186E7 /* DeleteCompanyUIView.swift */ = {isa = PBXFileReference; lastKnownFileType = sourcecode.swift; path = DeleteCompanyUIView.swift; sourceTree = "<group>"; };
		E800FEC1272D0522009186E7 /* ViewAllCompanyUIView.swift */ = {isa = PBXFileReference; lastKnownFileType = sourcecode.swift; path = ViewAllCompanyUIView.swift; sourceTree = "<group>"; };
		E800FEC5272D0572009186E7 /* CompanyManager.swift */ = {isa = PBXFileReference; lastKnownFileType = sourcecode.swift; path = CompanyManager.swift; sourceTree = "<group>"; };
		E800FEC7272D057D009186E7 /* StockManager.swift */ = {isa = PBXFileReference; lastKnownFileType = sourcecode.swift; path = StockManager.swift; sourceTree = "<group>"; };
		E800FEC9272D058C009186E7 /* CategoryManager.swift */ = {isa = PBXFileReference; lastKnownFileType = sourcecode.swift; path = CategoryManager.swift; sourceTree = "<group>"; };
		E800FECB272DC192009186E7 /* ManagerCustomerView.swift */ = {isa = PBXFileReference; lastKnownFileType = sourcecode.swift; path = ManagerCustomerView.swift; sourceTree = "<group>"; };
		E83FABDA2729E53A00AED145 /* applicationViewController.swift */ = {isa = PBXFileReference; lastKnownFileType = sourcecode.swift; path = applicationViewController.swift; sourceTree = "<group>"; };
		E83FABDC2729EF4200AED145 /* ManageCustomerViewController.swift */ = {isa = PBXFileReference; lastKnownFileType = sourcecode.swift; path = ManageCustomerViewController.swift; sourceTree = "<group>"; };
		E83FABDE272B282700AED145 /* ManageCompanyViewController.swift */ = {isa = PBXFileReference; lastKnownFileType = sourcecode.swift; path = ManageCompanyViewController.swift; sourceTree = "<group>"; };
		E83FABE6272B2C2B00AED145 /* Category.swift */ = {isa = PBXFileReference; fileEncoding = 4; lastKnownFileType = sourcecode.swift; name = Category.swift; path = ../../../Assignment5/Assignment5/Category.swift; sourceTree = "<group>"; };
		E83FABE8272B2C3100AED145 /* CategoryDirectory.swift */ = {isa = PBXFileReference; fileEncoding = 4; lastKnownFileType = sourcecode.swift; name = CategoryDirectory.swift; path = ../../../Assignment5/Assignment5/CategoryDirectory.swift; sourceTree = "<group>"; };
		E83FABEA272B2C3400AED145 /* Company.swift */ = {isa = PBXFileReference; fileEncoding = 4; lastKnownFileType = sourcecode.swift; name = Company.swift; path = ../../../Assignment5/Assignment5/Company.swift; sourceTree = "<group>"; };
		E83FABEC272B2C3900AED145 /* CompanyDirecrtory.swift */ = {isa = PBXFileReference; fileEncoding = 4; lastKnownFileType = sourcecode.swift; name = CompanyDirecrtory.swift; path = ../../../Assignment5/Assignment5/CompanyDirecrtory.swift; sourceTree = "<group>"; };
		E83FABEE272B2C3D00AED145 /* Customer.swift */ = {isa = PBXFileReference; fileEncoding = 4; lastKnownFileType = sourcecode.swift; name = Customer.swift; path = ../../../Assignment5/Assignment5/Customer.swift; sourceTree = "<group>"; };
		E83FABF0272B2C4200AED145 /* CustomerDirectory.swift */ = {isa = PBXFileReference; fileEncoding = 4; lastKnownFileType = sourcecode.swift; name = CustomerDirectory.swift; path = ../../../Assignment5/Assignment5/CustomerDirectory.swift; sourceTree = "<group>"; };
		E83FABF2272B2C4600AED145 /* Stock.swift */ = {isa = PBXFileReference; fileEncoding = 4; lastKnownFileType = sourcecode.swift; name = Stock.swift; path = ../../../Assignment5/Assignment5/Stock.swift; sourceTree = "<group>"; };
		E83FABF4272B2C4900AED145 /* StockDirectory.swift */ = {isa = PBXFileReference; fileEncoding = 4; lastKnownFileType = sourcecode.swift; path = StockDirectory.swift; sourceTree = "<group>"; };
		E83FABFB272B64D900AED145 /* AddViewController.swift */ = {isa = PBXFileReference; lastKnownFileType = sourcecode.swift; path = AddViewController.swift; sourceTree = "<group>"; };
		E83FAC00272B75E300AED145 /* CustomerManager.swift */ = {isa = PBXFileReference; lastKnownFileType = sourcecode.swift; path = CustomerManager.swift; sourceTree = "<group>"; };
		E88328C8272E3E4200E86E6F /* AddCustomerUIView.swift */ = {isa = PBXFileReference; lastKnownFileType = sourcecode.swift; path = AddCustomerUIView.swift; sourceTree = "<group>"; };
		E88328CA272E41EC00E86E6F /* UpdateCustomerUIView.swift */ = {isa = PBXFileReference; lastKnownFileType = sourcecode.swift; path = UpdateCustomerUIView.swift; sourceTree = "<group>"; };
		E88328CC272E41FD00E86E6F /* DeleteCustomerUIVeiw.swift */ = {isa = PBXFileReference; lastKnownFileType = sourcecode.swift; path = DeleteCustomerUIVeiw.swift; sourceTree = "<group>"; };
		E88328CE272E420C00E86E6F /* ViewCustomerUIView.swift */ = {isa = PBXFileReference; lastKnownFileType = sourcecode.swift; path = ViewCustomerUIView.swift; sourceTree = "<group>"; };
		E88328D1272E5A0200E86E6F /* UpdateDetailCustomerUIView.swift */ = {isa = PBXFileReference; lastKnownFileType = sourcecode.swift; path = UpdateDetailCustomerUIView.swift; sourceTree = "<group>"; };
		E88328D3272E625E00E86E6F /* AddCategoryUIView.swift */ = {isa = PBXFileReference; lastKnownFileType = sourcecode.swift; name = AddCategoryUIView.swift; path = ../AddCategoryUIView.swift; sourceTree = "<group>"; };
		E88328D5272E627900E86E6F /* UpdateCategoryUIView.swift */ = {isa = PBXFileReference; lastKnownFileType = sourcecode.swift; path = UpdateCategoryUIView.swift; sourceTree = "<group>"; };
		E88328D7272E629700E86E6F /* DeleteCategoryUIView.swift */ = {isa = PBXFileReference; lastKnownFileType = sourcecode.swift; path = DeleteCategoryUIView.swift; sourceTree = "<group>"; };
		E88328D9272E62A600E86E6F /* ViewCategoryUIView.swift */ = {isa = PBXFileReference; lastKnownFileType = sourcecode.swift; path = ViewCategoryUIView.swift; sourceTree = "<group>"; };
		E88328DB272E62D200E86E6F /* UpdateDetailCategoryUIView.swift */ = {isa = PBXFileReference; lastKnownFileType = sourcecode.swift; path = UpdateDetailCategoryUIView.swift; sourceTree = "<group>"; };
		E88328E1272E63CD00E86E6F /* ManageStockUIView.swift */ = {isa = PBXFileReference; lastKnownFileType = sourcecode.swift; path = ManageStockUIView.swift; sourceTree = "<group>"; };
		E88328E3272E63F800E86E6F /* AddStockUIView.swift */ = {isa = PBXFileReference; lastKnownFileType = sourcecode.swift; name = AddStockUIView.swift; path = "../../Manage Category/AddStockUIView.swift"; sourceTree = "<group>"; };
		E88328E5272E641F00E86E6F /* UpdateStockUIView.swift */ = {isa = PBXFileReference; lastKnownFileType = sourcecode.swift; path = UpdateStockUIView.swift; sourceTree = "<group>"; };
		E88328E7272E642F00E86E6F /* DeleteStockUIView.swift */ = {isa = PBXFileReference; lastKnownFileType = sourcecode.swift; path = DeleteStockUIView.swift; sourceTree = "<group>"; };
		E88328E9272E643F00E86E6F /* ViewStockUIView.swift */ = {isa = PBXFileReference; lastKnownFileType = sourcecode.swift; path = ViewStockUIView.swift; sourceTree = "<group>"; };
		E88328EB272E646C00E86E6F /* UpdateDetailStockUIView.swift */ = {isa = PBXFileReference; lastKnownFileType = sourcecode.swift; path = UpdateDetailStockUIView.swift; sourceTree = "<group>"; };
		E88328EE272E64A000E86E6F /* UpdateCompanyUIView.swift */ = {isa = PBXFileReference; lastKnownFileType = sourcecode.swift; path = UpdateCompanyUIView.swift; sourceTree = "<group>"; };
		E88328F0272E64B900E86E6F /* ManageCompanyUIView.swift */ = {isa = PBXFileReference; lastKnownFileType = sourcecode.swift; path = ManageCompanyUIView.swift; sourceTree = "<group>"; };
		E88328F2272E652C00E86E6F /* ManageCategoryUIView.swift */ = {isa = PBXFileReference; lastKnownFileType = sourcecode.swift; path = ManageCategoryUIView.swift; sourceTree = "<group>"; };
		E88328F4272E690700E86E6F /* MainPage.swift */ = {isa = PBXFileReference; lastKnownFileType = sourcecode.swift; path = MainPage.swift; sourceTree = "<group>"; };
/* End PBXFileReference section */

/* Begin PBXFrameworksBuildPhase section */
		1534029E1F939BDA00324E7D /* Frameworks */ = {
			isa = PBXFrameworksBuildPhase;
			buildActionMask = 2147483647;
			files = (
			);
			runOnlyForDeploymentPostprocessing = 0;
		};
/* End PBXFrameworksBuildPhase section */

/* Begin PBXGroup section */
		153402981F939BDA00324E7D = {
			isa = PBXGroup;
			children = (
				153402A31F939BDA00324E7D /* EmptyApp */,
				153402A21F939BDA00324E7D /* Products */,
			);
			sourceTree = "<group>";
		};
		153402A21F939BDA00324E7D /* Products */ = {
			isa = PBXGroup;
			children = (
				153402A11F939BDA00324E7D /* EmptyApp.app */,
			);
			name = Products;
			sourceTree = "<group>";
		};
		153402A31F939BDA00324E7D /* EmptyApp */ = {
			isa = PBXGroup;
			children = (
				E88328C7272E3E0100E86E6F /* Controller */,
				E83FABFF272B6EE100AED145 /* Managers */,
				E83FABE5272B2BEA00AED145 /* Models */,
				E83FABE4272B2BAD00AED145 /* Core Tabs */,
				153402A41F939BDA00324E7D /* AppDelegate.swift */,
				153402AB1F939BDB00324E7D /* Assets.xcassets */,
				153402AD1F939BDB00324E7D /* LaunchScreen.storyboard */,
				153402B01F939BDB00324E7D /* Info.plist */,
			);
			path = EmptyApp;
			sourceTree = "<group>";
		};
		E800FE9C272D0255009186E7 /* Manage Customer */ = {
			isa = PBXGroup;
			children = (
				E800FECB272DC192009186E7 /* ManagerCustomerView.swift */,
				E800FEA1272D031A009186E7 /* Customer Actions */,
			);
			path = "Manage Customer";
			sourceTree = "<group>";
		};
		E800FE9E272D0293009186E7 /* Manage Category */ = {
			isa = PBXGroup;
			children = (
				E88328F2272E652C00E86E6F /* ManageCategoryUIView.swift */,
				E800FEA2272D0339009186E7 /* Category Actions */,
			);
			path = "Manage Category";
			sourceTree = "<group>";
		};
		E800FE9F272D02CC009186E7 /* Manage Stock */ = {
			isa = PBXGroup;
			children = (
				E88328E1272E63CD00E86E6F /* ManageStockUIView.swift */,
				E800FEAD272D0406009186E7 /* Stock Actions */,
			);
			path = "Manage Stock";
			sourceTree = "<group>";
		};
		E800FEA1272D031A009186E7 /* Customer Actions */ = {
			isa = PBXGroup;
			children = (
				E88328C8272E3E4200E86E6F /* AddCustomerUIView.swift */,
				E88328CA272E41EC00E86E6F /* UpdateCustomerUIView.swift */,
				E88328CC272E41FD00E86E6F /* DeleteCustomerUIVeiw.swift */,
				E88328CE272E420C00E86E6F /* ViewCustomerUIView.swift */,
				E88328D1272E5A0200E86E6F /* UpdateDetailCustomerUIView.swift */,
			);
			path = "Customer Actions";
			sourceTree = "<group>";
		};
		E800FEA2272D0339009186E7 /* Category Actions */ = {
			isa = PBXGroup;
			children = (
				E88328D3272E625E00E86E6F /* AddCategoryUIView.swift */,
				E88328D5272E627900E86E6F /* UpdateCategoryUIView.swift */,
				E88328D7272E629700E86E6F /* DeleteCategoryUIView.swift */,
				E88328D9272E62A600E86E6F /* ViewCategoryUIView.swift */,
				E88328DB272E62D200E86E6F /* UpdateDetailCategoryUIView.swift */,
			);
			path = "Category Actions";
			sourceTree = "<group>";
		};
		E800FEAD272D0406009186E7 /* Stock Actions */ = {
			isa = PBXGroup;
			children = (
				E88328E3272E63F800E86E6F /* AddStockUIView.swift */,
				E88328E5272E641F00E86E6F /* UpdateStockUIView.swift */,
				E88328E7272E642F00E86E6F /* DeleteStockUIView.swift */,
				E88328E9272E643F00E86E6F /* ViewStockUIView.swift */,
				E88328EB272E646C00E86E6F /* UpdateDetailStockUIView.swift */,
			);
			path = "Stock Actions";
			sourceTree = "<group>";
		};
		E800FEB8272D04A1009186E7 /* Company Actions */ = {
			isa = PBXGroup;
			children = (
				E800FEB9272D04C6009186E7 /* updateDetailCompanyUIView.swift */,
				E800FEBB272D04DB009186E7 /* AddCompanyUIView.swift */,
				E800FEBE272D04FB009186E7 /* DeleteCompanyUIView.swift */,
				E800FEC1272D0522009186E7 /* ViewAllCompanyUIView.swift */,
				E88328EE272E64A000E86E6F /* UpdateCompanyUIView.swift */,
			);
			path = "Company Actions";
			sourceTree = "<group>";
		};
		E83FABE4272B2BAD00AED145 /* Core Tabs */ = {
			isa = PBXGroup;
			children = (
				E88328F4272E690700E86E6F /* MainPage.swift */,
				E800FE9F272D02CC009186E7 /* Manage Stock */,
				E800FE9E272D0293009186E7 /* Manage Category */,
				E800FE9C272D0255009186E7 /* Manage Customer */,
				E83FABFA272B5DCB00AED145 /* Manage Company */,
			);
			path = "Core Tabs";
			sourceTree = "<group>";
		};
		E83FABE5272B2BEA00AED145 /* Models */ = {
			isa = PBXGroup;
			children = (
				E83FABF2272B2C4600AED145 /* Stock.swift */,
				E83FABF4272B2C4900AED145 /* StockDirectory.swift */,
				E83FABE6272B2C2B00AED145 /* Category.swift */,
				E83FABE8272B2C3100AED145 /* CategoryDirectory.swift */,
				E83FABEA272B2C3400AED145 /* Company.swift */,
				E83FABEC272B2C3900AED145 /* CompanyDirecrtory.swift */,
				E83FABEE272B2C3D00AED145 /* Customer.swift */,
				E83FABF0272B2C4200AED145 /* CustomerDirectory.swift */,
			);
			path = Models;
			sourceTree = "<group>";
		};
		E83FABFA272B5DCB00AED145 /* Manage Company */ = {
			isa = PBXGroup;
			children = (
				E88328F0272E64B900E86E6F /* ManageCompanyUIView.swift */,
				E800FEB8272D04A1009186E7 /* Company Actions */,
			);
			path = "Manage Company";
			sourceTree = "<group>";
		};
		E83FABFF272B6EE100AED145 /* Managers */ = {
			isa = PBXGroup;
			children = (
				E83FAC00272B75E300AED145 /* CustomerManager.swift */,
				E800FEC5272D0572009186E7 /* CompanyManager.swift */,
				E800FEC7272D057D009186E7 /* StockManager.swift */,
				E800FEC9272D058C009186E7 /* CategoryManager.swift */,
			);
			path = Managers;
			sourceTree = "<group>";
		};
		E88328C7272E3E0100E86E6F /* Controller */ = {
			isa = PBXGroup;
			children = (
				E83FABDA2729E53A00AED145 /* applicationViewController.swift */,
				E83FABDE272B282700AED145 /* ManageCompanyViewController.swift */,
				E83FABDC2729EF4200AED145 /* ManageCustomerViewController.swift */,
				E800FE99272CF0D7009186E7 /* updateDetailViewController.swift */,
				E83FABFB272B64D900AED145 /* AddViewController.swift */,
				E800FE93272CE46A009186E7 /* DeleteCustomerViewController.swift */,
				E800FE95272CEE43009186E7 /* ViewAllCustomerViewController.swift */,
				E800FE97272CF005009186E7 /* UpdateCustomerViewController.swift */,
			);
			path = Controller;
			sourceTree = "<group>";
		};
/* End PBXGroup section */

/* Begin PBXNativeTarget section */
		153402A01F939BDA00324E7D /* EmptyApp */ = {
			isa = PBXNativeTarget;
			buildConfigurationList = 153402B31F939BDB00324E7D /* Build configuration list for PBXNativeTarget "EmptyApp" */;
			buildPhases = (
				1534029D1F939BDA00324E7D /* Sources */,
				1534029E1F939BDA00324E7D /* Frameworks */,
				1534029F1F939BDA00324E7D /* Resources */,
			);
			buildRules = (
			);
			dependencies = (
			);
			name = EmptyApp;
			productName = EmptyApp;
			productReference = 153402A11F939BDA00324E7D /* EmptyApp.app */;
			productType = "com.apple.product-type.application";
		};
/* End PBXNativeTarget section */

/* Begin PBXProject section */
		153402991F939BDA00324E7D /* Project object */ = {
			isa = PBXProject;
			attributes = {
				LastSwiftUpdateCheck = 0830;
				LastUpgradeCheck = 0830;
				ORGANIZATIONNAME = rab;
				TargetAttributes = {
					153402A01F939BDA00324E7D = {
						CreatedOnToolsVersion = 8.3.3;
						ProvisioningStyle = Automatic;
					};
				};
			};
			buildConfigurationList = 1534029C1F939BDA00324E7D /* Build configuration list for PBXProject "EmptyApp" */;
			compatibilityVersion = "Xcode 3.2";
			developmentRegion = English;
			hasScannedForEncodings = 0;
			knownRegions = (
				English,
				en,
				Base,
			);
			mainGroup = 153402981F939BDA00324E7D;
			productRefGroup = 153402A21F939BDA00324E7D /* Products */;
			projectDirPath = "";
			projectRoot = "";
			targets = (
				153402A01F939BDA00324E7D /* EmptyApp */,
			);
		};
/* End PBXProject section */

/* Begin PBXResourcesBuildPhase section */
		1534029F1F939BDA00324E7D /* Resources */ = {
			isa = PBXResourcesBuildPhase;
			buildActionMask = 2147483647;
			files = (
				153402AF1F939BDB00324E7D /* LaunchScreen.storyboard in Resources */,
				153402AC1F939BDB00324E7D /* Assets.xcassets in Resources */,
			);
			runOnlyForDeploymentPostprocessing = 0;
		};
/* End PBXResourcesBuildPhase section */

/* Begin PBXSourcesBuildPhase section */
		1534029D1F939BDA00324E7D /* Sources */ = {
			isa = PBXSourcesBuildPhase;
			buildActionMask = 2147483647;
			files = (
				E83FABED272B2C3900AED145 /* CompanyDirecrtory.swift in Sources */,
				153402A51F939BDB00324E7D /* AppDelegate.swift in Sources */,
				E83FABF5272B2C4900AED145 /* StockDirectory.swift in Sources */,
				E800FE98272CF005009186E7 /* UpdateCustomerViewController.swift in Sources */,
				E88328CB272E41EC00E86E6F /* UpdateCustomerUIView.swift in Sources */,
				E88328E4272E63F800E86E6F /* AddStockUIView.swift in Sources */,
				E88328E8272E642F00E86E6F /* DeleteStockUIView.swift in Sources */,
				E88328DA272E62A600E86E6F /* ViewCategoryUIView.swift in Sources */,
				E83FABDF272B282700AED145 /* ManageCompanyViewController.swift in Sources */,
				E88328DC272E62D200E86E6F /* UpdateDetailCategoryUIView.swift in Sources */,
				E88328EC272E646C00E86E6F /* UpdateDetailStockUIView.swift in Sources */,
				E800FEBA272D04C6009186E7 /* updateDetailCompanyUIView.swift in Sources */,
				E88328D2272E5A0200E86E6F /* UpdateDetailCustomerUIView.swift in Sources */,
				E88328E6272E641F00E86E6F /* UpdateStockUIView.swift in Sources */,
				E800FEC6272D0572009186E7 /* CompanyManager.swift in Sources */,
				E88328F1272E64B900E86E6F /* ManageCompanyUIView.swift in Sources */,
				E800FEC8272D057D009186E7 /* StockManager.swift in Sources */,
				E83FABEB272B2C3400AED145 /* Company.swift in Sources */,
				E83FABFC272B64D900AED145 /* AddViewController.swift in Sources */,
				E83FABF3272B2C4600AED145 /* Stock.swift in Sources */,
				E83FABDD2729EF4200AED145 /* ManageCustomerViewController.swift in Sources */,
				E800FE94272CE46A009186E7 /* DeleteCustomerViewController.swift in Sources */,
				E800FECC272DC192009186E7 /* ManagerCustomerView.swift in Sources */,
				E83FABF1272B2C4200AED145 /* CustomerDirectory.swift in Sources */,
				E88328C9272E3E4200E86E6F /* AddCustomerUIView.swift in Sources */,
				E88328EF272E64A000E86E6F /* UpdateCompanyUIView.swift in Sources */,
				E88328F3272E652C00E86E6F /* ManageCategoryUIView.swift in Sources */,
				E88328E2272E63CD00E86E6F /* ManageStockUIView.swift in Sources */,
				E88328CF272E420C00E86E6F /* ViewCustomerUIView.swift in Sources */,
				E800FE9A272CF0D7009186E7 /* updateDetailViewController.swift in Sources */,
				E83FABDB2729E53A00AED145 /* applicationViewController.swift in Sources */,
				E83FABEF272B2C3D00AED145 /* Customer.swift in Sources */,
				E88328F5272E690700E86E6F /* MainPage.swift in Sources */,
				E88328CD272E41FD00E86E6F /* DeleteCustomerUIVeiw.swift in Sources */,
				E800FEBC272D04DB009186E7 /* AddCompanyUIView.swift in Sources */,
				E88328D4272E625E00E86E6F /* AddCategoryUIView.swift in Sources */,
				E83FABE9272B2C3100AED145 /* CategoryDirectory.swift in Sources */,
				E88328D8272E629700E86E6F /* DeleteCategoryUIView.swift in Sources */,
				E88328EA272E643F00E86E6F /* ViewStockUIView.swift in Sources */,
				E83FAC01272B75E300AED145 /* CustomerManager.swift in Sources */,
				E800FECA272D058C009186E7 /* CategoryManager.swift in Sources */,
				E800FEBF272D04FB009186E7 /* DeleteCompanyUIView.swift in Sources */,
				E800FE96272CEE43009186E7 /* ViewAllCustomerViewController.swift in Sources */,
				E88328D6272E627900E86E6F /* UpdateCategoryUIView.swift in Sources */,
				E800FEC2272D0522009186E7 /* ViewAllCompanyUIView.swift in Sources */,
				E83FABE7272B2C2B00AED145 /* Category.swift in Sources */,
			);
			runOnlyForDeploymentPostprocessing = 0;
		};
/* End PBXSourcesBuildPhase section */

/* Begin PBXVariantGroup section */
		153402AD1F939BDB00324E7D /* LaunchScreen.storyboard */ = {
			isa = PBXVariantGroup;
			children = (
				153402AE1F939BDB00324E7D /* Base */,
			);
			name = LaunchScreen.storyboard;
			sourceTree = "<group>";
		};
/* End PBXVariantGroup section */

/* Begin XCBuildConfiguration section */
		153402B11F939BDB00324E7D /* Debug */ = {
			isa = XCBuildConfiguration;
			buildSettings = {
				ALWAYS_SEARCH_USER_PATHS = NO;
				CLANG_ANALYZER_NONNULL = YES;
				CLANG_ANALYZER_NUMBER_OBJECT_CONVERSION = YES_AGGRESSIVE;
				CLANG_CXX_LANGUAGE_STANDARD = "gnu++0x";
				CLANG_CXX_LIBRARY = "libc++";
				CLANG_ENABLE_MODULES = YES;
				CLANG_ENABLE_OBJC_ARC = YES;
				CLANG_WARN_BOOL_CONVERSION = YES;
				CLANG_WARN_CONSTANT_CONVERSION = YES;
				CLANG_WARN_DIRECT_OBJC_ISA_USAGE = YES_ERROR;
				CLANG_WARN_DOCUMENTATION_COMMENTS = YES;
				CLANG_WARN_EMPTY_BODY = YES;
				CLANG_WARN_ENUM_CONVERSION = YES;
				CLANG_WARN_INFINITE_RECURSION = YES;
				CLANG_WARN_INT_CONVERSION = YES;
				CLANG_WARN_OBJC_ROOT_CLASS = YES_ERROR;
				CLANG_WARN_SUSPICIOUS_MOVE = YES;
				CLANG_WARN_UNREACHABLE_CODE = YES;
				CLANG_WARN__DUPLICATE_METHOD_MATCH = YES;
				"CODE_SIGN_IDENTITY[sdk=iphoneos*]" = "iPhone Developer";
				COPY_PHASE_STRIP = NO;
				DEBUG_INFORMATION_FORMAT = dwarf;
				ENABLE_STRICT_OBJC_MSGSEND = YES;
				ENABLE_TESTABILITY = YES;
				GCC_C_LANGUAGE_STANDARD = gnu99;
				GCC_DYNAMIC_NO_PIC = NO;
				GCC_NO_COMMON_BLOCKS = YES;
				GCC_OPTIMIZATION_LEVEL = 0;
				GCC_PREPROCESSOR_DEFINITIONS = (
					"DEBUG=1",
					"$(inherited)",
				);
				GCC_WARN_64_TO_32_BIT_CONVERSION = YES;
				GCC_WARN_ABOUT_RETURN_TYPE = YES_ERROR;
				GCC_WARN_UNDECLARED_SELECTOR = YES;
				GCC_WARN_UNINITIALIZED_AUTOS = YES_AGGRESSIVE;
				GCC_WARN_UNUSED_FUNCTION = YES;
				GCC_WARN_UNUSED_VARIABLE = YES;
				IPHONEOS_DEPLOYMENT_TARGET = 10.3;
				MTL_ENABLE_DEBUG_INFO = YES;
				ONLY_ACTIVE_ARCH = YES;
				SDKROOT = iphoneos;
				SWIFT_ACTIVE_COMPILATION_CONDITIONS = DEBUG;
				SWIFT_OPTIMIZATION_LEVEL = "-Onone";
			};
			name = Debug;
		};
		153402B21F939BDB00324E7D /* Release */ = {
			isa = XCBuildConfiguration;
			buildSettings = {
				ALWAYS_SEARCH_USER_PATHS = NO;
				CLANG_ANALYZER_NONNULL = YES;
				CLANG_ANALYZER_NUMBER_OBJECT_CONVERSION = YES_AGGRESSIVE;
				CLANG_CXX_LANGUAGE_STANDARD = "gnu++0x";
				CLANG_CXX_LIBRARY = "libc++";
				CLANG_ENABLE_MODULES = YES;
				CLANG_ENABLE_OBJC_ARC = YES;
				CLANG_WARN_BOOL_CONVERSION = YES;
				CLANG_WARN_CONSTANT_CONVERSION = YES;
				CLANG_WARN_DIRECT_OBJC_ISA_USAGE = YES_ERROR;
				CLANG_WARN_DOCUMENTATION_COMMENTS = YES;
				CLANG_WARN_EMPTY_BODY = YES;
				CLANG_WARN_ENUM_CONVERSION = YES;
				CLANG_WARN_INFINITE_RECURSION = YES;
				CLANG_WARN_INT_CONVERSION = YES;
				CLANG_WARN_OBJC_ROOT_CLASS = YES_ERROR;
				CLANG_WARN_SUSPICIOUS_MOVE = YES;
				CLANG_WARN_UNREACHABLE_CODE = YES;
				CLANG_WARN__DUPLICATE_METHOD_MATCH = YES;
				"CODE_SIGN_IDENTITY[sdk=iphoneos*]" = "iPhone Developer";
				COPY_PHASE_STRIP = NO;
				DEBUG_INFORMATION_FORMAT = "dwarf-with-dsym";
				ENABLE_NS_ASSERTIONS = NO;
				ENABLE_STRICT_OBJC_MSGSEND = YES;
				GCC_C_LANGUAGE_STANDARD = gnu99;
				GCC_NO_COMMON_BLOCKS = YES;
				GCC_WARN_64_TO_32_BIT_CONVERSION = YES;
				GCC_WARN_ABOUT_RETURN_TYPE = YES_ERROR;
				GCC_WARN_UNDECLARED_SELECTOR = YES;
				GCC_WARN_UNINITIALIZED_AUTOS = YES_AGGRESSIVE;
				GCC_WARN_UNUSED_FUNCTION = YES;
				GCC_WARN_UNUSED_VARIABLE = YES;
				IPHONEOS_DEPLOYMENT_TARGET = 10.3;
				MTL_ENABLE_DEBUG_INFO = NO;
				SDKROOT = iphoneos;
				SWIFT_OPTIMIZATION_LEVEL = "-Owholemodule";
				VALIDATE_PRODUCT = YES;
			};
			name = Release;
		};
		153402B41F939BDB00324E7D /* Debug */ = {
			isa = XCBuildConfiguration;
			buildSettings = {
				ASSETCATALOG_COMPILER_APPICON_NAME = AppIcon;
				INFOPLIST_FILE = EmptyApp/Info.plist;
				LD_RUNPATH_SEARCH_PATHS = "$(inherited) @executable_path/Frameworks";
				PRODUCT_BUNDLE_IDENTIFIER = edu.neu.EmptyApp;
				PRODUCT_NAME = "$(TARGET_NAME)";
				SWIFT_VERSION = 4.2;
			};
			name = Debug;
		};
		153402B51F939BDB00324E7D /* Release */ = {
			isa = XCBuildConfiguration;
			buildSettings = {
				ASSETCATALOG_COMPILER_APPICON_NAME = AppIcon;
				INFOPLIST_FILE = EmptyApp/Info.plist;
				LD_RUNPATH_SEARCH_PATHS = "$(inherited) @executable_path/Frameworks";
				PRODUCT_BUNDLE_IDENTIFIER = edu.neu.EmptyApp;
				PRODUCT_NAME = "$(TARGET_NAME)";
				SWIFT_VERSION = 4.2;
			};
			name = Release;
		};
/* End XCBuildConfiguration section */

/* Begin XCConfigurationList section */
		1534029C1F939BDA00324E7D /* Build configuration list for PBXProject "EmptyApp" */ = {
			isa = XCConfigurationList;
			buildConfigurations = (
				153402B11F939BDB00324E7D /* Debug */,
				153402B21F939BDB00324E7D /* Release */,
			);
			defaultConfigurationIsVisible = 0;
			defaultConfigurationName = Release;
		};
		153402B31F939BDB00324E7D /* Build configuration list for PBXNativeTarget "EmptyApp" */ = {
			isa = XCConfigurationList;
			buildConfigurations = (
				153402B41F939BDB00324E7D /* Debug */,
				153402B51F939BDB00324E7D /* Release */,
			);
			defaultConfigurationIsVisible = 0;
			defaultConfigurationName = Release;
		};
/* End XCConfigurationList section */
	};
	rootObject = 153402991F939BDA00324E7D /* Project object */;
}
