// !$*UTF8*$!
{
	archiveVersion = 1;
	classes = {
	};
	objectVersion = 55;
	objects = {

/* Begin PBXBuildFile section */
		5EB038D2882C67D186FFDFA3 /* Pods_NEUPLUS.framework in Frameworks */ = {isa = PBXBuildFile; fileRef = C17EB699B28A9050D71669CD /* Pods_NEUPLUS.framework */; };
		E8CB71DD275E6E0900E14B38 /* AppDelegate.swift in Sources */ = {isa = PBXBuildFile; fileRef = E8CB71DC275E6E0900E14B38 /* AppDelegate.swift */; };
		E8CB71DF275E6E0900E14B38 /* SceneDelegate.swift in Sources */ = {isa = PBXBuildFile; fileRef = E8CB71DE275E6E0900E14B38 /* SceneDelegate.swift */; };
		E8CB71E1275E6E0900E14B38 /* HomeViewController.swift in Sources */ = {isa = PBXBuildFile; fileRef = E8CB71E0275E6E0900E14B38 /* HomeViewController.swift */; };
		E8CB71E4275E6E0900E14B38 /* Main.storyboard in Resources */ = {isa = PBXBuildFile; fileRef = E8CB71E2275E6E0900E14B38 /* Main.storyboard */; };
		E8CB71E6275E6E0B00E14B38 /* Assets.xcassets in Resources */ = {isa = PBXBuildFile; fileRef = E8CB71E5275E6E0B00E14B38 /* Assets.xcassets */; };
		E8CB71E9275E6E0B00E14B38 /* LaunchScreen.storyboard in Resources */ = {isa = PBXBuildFile; fileRef = E8CB71E7275E6E0B00E14B38 /* LaunchScreen.storyboard */; };
		E8EA01C8275E751A008B74ED /* DatabaseManager.swift in Sources */ = {isa = PBXBuildFile; fileRef = E8EA01C7275E751A008B74ED /* DatabaseManager.swift */; };
		E8EA01CA275E7528008B74ED /* AuthManager.swift in Sources */ = {isa = PBXBuildFile; fileRef = E8EA01C9275E7527008B74ED /* AuthManager.swift */; };
		E8EA01CC275E7534008B74ED /* StorageManager.swift in Sources */ = {isa = PBXBuildFile; fileRef = E8EA01CB275E7534008B74ED /* StorageManager.swift */; };
		E8EA01CE275E9E15008B74ED /* GoogleService-Info.plist in Resources */ = {isa = PBXBuildFile; fileRef = E8EA01CD275E9E15008B74ED /* GoogleService-Info.plist */; };
		E8EA01D0275EA5AB008B74ED /* User.swift in Sources */ = {isa = PBXBuildFile; fileRef = E8EA01CF275EA5AB008B74ED /* User.swift */; };
		E8EA01D2275EA5CB008B74ED /* Profile.swift in Sources */ = {isa = PBXBuildFile; fileRef = E8EA01D1275EA5CB008B74ED /* Profile.swift */; };
		E8EA01D4275EA5D5008B74ED /* BlogPost.swift in Sources */ = {isa = PBXBuildFile; fileRef = E8EA01D3275EA5D5008B74ED /* BlogPost.swift */; };
		E8EA01D6275ED0F0008B74ED /* SignInViewController.swift in Sources */ = {isa = PBXBuildFile; fileRef = E8EA01D5275ED0F0008B74ED /* SignInViewController.swift */; };
		E8EA01D8275ED18C008B74ED /* SignUpViewController.swift in Sources */ = {isa = PBXBuildFile; fileRef = E8EA01D7275ED18C008B74ED /* SignUpViewController.swift */; };
		E8EA01DC275ED3F9008B74ED /* HomePageUITabBarController.swift in Sources */ = {isa = PBXBuildFile; fileRef = E8EA01DB275ED3F9008B74ED /* HomePageUITabBarController.swift */; };
/* End PBXBuildFile section */

/* Begin PBXFileReference section */
		0A3495071CECF38248CB818C /* Pods-NEUPLUS.debug.xcconfig */ = {isa = PBXFileReference; includeInIndex = 1; lastKnownFileType = text.xcconfig; name = "Pods-NEUPLUS.debug.xcconfig"; path = "Target Support Files/Pods-NEUPLUS/Pods-NEUPLUS.debug.xcconfig"; sourceTree = "<group>"; };
		293628C06800D06B9ED3806B /* Pods-NEUPLUS.release.xcconfig */ = {isa = PBXFileReference; includeInIndex = 1; lastKnownFileType = text.xcconfig; name = "Pods-NEUPLUS.release.xcconfig"; path = "Target Support Files/Pods-NEUPLUS/Pods-NEUPLUS.release.xcconfig"; sourceTree = "<group>"; };
		C17EB699B28A9050D71669CD /* Pods_NEUPLUS.framework */ = {isa = PBXFileReference; explicitFileType = wrapper.framework; includeInIndex = 0; path = Pods_NEUPLUS.framework; sourceTree = BUILT_PRODUCTS_DIR; };
		E8CB71D9275E6E0900E14B38 /* NEUPLUS.app */ = {isa = PBXFileReference; explicitFileType = wrapper.application; includeInIndex = 0; path = NEUPLUS.app; sourceTree = BUILT_PRODUCTS_DIR; };
		E8CB71DC275E6E0900E14B38 /* AppDelegate.swift */ = {isa = PBXFileReference; lastKnownFileType = sourcecode.swift; path = AppDelegate.swift; sourceTree = "<group>"; };
		E8CB71DE275E6E0900E14B38 /* SceneDelegate.swift */ = {isa = PBXFileReference; lastKnownFileType = sourcecode.swift; path = SceneDelegate.swift; sourceTree = "<group>"; };
		E8CB71E0275E6E0900E14B38 /* HomeViewController.swift */ = {isa = PBXFileReference; lastKnownFileType = sourcecode.swift; path = HomeViewController.swift; sourceTree = "<group>"; };
		E8CB71E3275E6E0900E14B38 /* Base */ = {isa = PBXFileReference; lastKnownFileType = file.storyboard; name = Base; path = Base.lproj/Main.storyboard; sourceTree = "<group>"; };
		E8CB71E5275E6E0B00E14B38 /* Assets.xcassets */ = {isa = PBXFileReference; lastKnownFileType = folder.assetcatalog; path = Assets.xcassets; sourceTree = "<group>"; };
		E8CB71E8275E6E0B00E14B38 /* Base */ = {isa = PBXFileReference; lastKnownFileType = file.storyboard; name = Base; path = Base.lproj/LaunchScreen.storyboard; sourceTree = "<group>"; };
		E8CB71EA275E6E0B00E14B38 /* Info.plist */ = {isa = PBXFileReference; lastKnownFileType = text.plist.xml; path = Info.plist; sourceTree = "<group>"; };
		E8EA01C7275E751A008B74ED /* DatabaseManager.swift */ = {isa = PBXFileReference; lastKnownFileType = sourcecode.swift; path = DatabaseManager.swift; sourceTree = "<group>"; };
		E8EA01C9275E7527008B74ED /* AuthManager.swift */ = {isa = PBXFileReference; lastKnownFileType = sourcecode.swift; path = AuthManager.swift; sourceTree = "<group>"; };
		E8EA01CB275E7534008B74ED /* StorageManager.swift */ = {isa = PBXFileReference; lastKnownFileType = sourcecode.swift; path = StorageManager.swift; sourceTree = "<group>"; };
		E8EA01CD275E9E15008B74ED /* GoogleService-Info.plist */ = {isa = PBXFileReference; fileEncoding = 4; lastKnownFileType = text.plist.xml; name = "GoogleService-Info.plist"; path = "../../../../../../Downloads/GoogleService-Info.plist"; sourceTree = "<group>"; };
		E8EA01CF275EA5AB008B74ED /* User.swift */ = {isa = PBXFileReference; lastKnownFileType = sourcecode.swift; path = User.swift; sourceTree = "<group>"; };
		E8EA01D1275EA5CB008B74ED /* Profile.swift */ = {isa = PBXFileReference; lastKnownFileType = sourcecode.swift; path = Profile.swift; sourceTree = "<group>"; };
		E8EA01D3275EA5D5008B74ED /* BlogPost.swift */ = {isa = PBXFileReference; lastKnownFileType = sourcecode.swift; path = BlogPost.swift; sourceTree = "<group>"; };
		E8EA01D5275ED0F0008B74ED /* SignInViewController.swift */ = {isa = PBXFileReference; lastKnownFileType = sourcecode.swift; path = SignInViewController.swift; sourceTree = "<group>"; };
		E8EA01D7275ED18C008B74ED /* SignUpViewController.swift */ = {isa = PBXFileReference; lastKnownFileType = sourcecode.swift; path = SignUpViewController.swift; sourceTree = "<group>"; };
		E8EA01DB275ED3F9008B74ED /* HomePageUITabBarController.swift */ = {isa = PBXFileReference; lastKnownFileType = sourcecode.swift; path = HomePageUITabBarController.swift; sourceTree = "<group>"; };
/* End PBXFileReference section */

/* Begin PBXFrameworksBuildPhase section */
		E8CB71D6275E6E0900E14B38 /* Frameworks */ = {
			isa = PBXFrameworksBuildPhase;
			buildActionMask = 2147483647;
			files = (
				5EB038D2882C67D186FFDFA3 /* Pods_NEUPLUS.framework in Frameworks */,
			);
			runOnlyForDeploymentPostprocessing = 0;
		};
/* End PBXFrameworksBuildPhase section */

/* Begin PBXGroup section */
		48A28864D17432E1F3B85FDA /* Frameworks */ = {
			isa = PBXGroup;
			children = (
				C17EB699B28A9050D71669CD /* Pods_NEUPLUS.framework */,
			);
			name = Frameworks;
			sourceTree = "<group>";
		};
		511DA6DCC347989175D0AF05 /* Pods */ = {
			isa = PBXGroup;
			children = (
				0A3495071CECF38248CB818C /* Pods-NEUPLUS.debug.xcconfig */,
				293628C06800D06B9ED3806B /* Pods-NEUPLUS.release.xcconfig */,
			);
			path = Pods;
			sourceTree = "<group>";
		};
		E8CB71D0275E6E0900E14B38 = {
			isa = PBXGroup;
			children = (
				E8CB71DB275E6E0900E14B38 /* NEUPLUS */,
				E8CB71DA275E6E0900E14B38 /* Products */,
				511DA6DCC347989175D0AF05 /* Pods */,
				48A28864D17432E1F3B85FDA /* Frameworks */,
			);
			sourceTree = "<group>";
		};
		E8CB71DA275E6E0900E14B38 /* Products */ = {
			isa = PBXGroup;
			children = (
				E8CB71D9275E6E0900E14B38 /* NEUPLUS.app */,
			);
			name = Products;
			sourceTree = "<group>";
		};
		E8CB71DB275E6E0900E14B38 /* NEUPLUS */ = {
			isa = PBXGroup;
			children = (
				E8EA01BA275E7308008B74ED /* Managers */,
				E8EA01B9275E7300008B74ED /* Other */,
				E8EA01B8275E72F4008B74ED /* Controller */,
				E8EA01B7275E72D9008B74ED /* Views */,
				E8EA01B6275E72C7008B74ED /* Models */,
				E8CB71EA275E6E0B00E14B38 /* Info.plist */,
			);
			path = NEUPLUS;
			sourceTree = "<group>";
		};
		E8EA01B6275E72C7008B74ED /* Models */ = {
			isa = PBXGroup;
			children = (
				E8EA01CF275EA5AB008B74ED /* User.swift */,
				E8EA01D1275EA5CB008B74ED /* Profile.swift */,
				E8EA01D3275EA5D5008B74ED /* BlogPost.swift */,
			);
			path = Models;
			sourceTree = "<group>";
		};
		E8EA01B7275E72D9008B74ED /* Views */ = {
			isa = PBXGroup;
			children = (
				E8CB71E7275E6E0B00E14B38 /* LaunchScreen.storyboard */,
				E8CB71E2275E6E0900E14B38 /* Main.storyboard */,
			);
			path = Views;
			sourceTree = "<group>";
		};
		E8EA01B8275E72F4008B74ED /* Controller */ = {
			isa = PBXGroup;
			children = (
				E8CB71E0275E6E0900E14B38 /* HomeViewController.swift */,
				E8EA01D5275ED0F0008B74ED /* SignInViewController.swift */,
				E8EA01D7275ED18C008B74ED /* SignUpViewController.swift */,
				E8EA01DB275ED3F9008B74ED /* HomePageUITabBarController.swift */,
			);
			path = Controller;
			sourceTree = "<group>";
		};
		E8EA01B9275E7300008B74ED /* Other */ = {
			isa = PBXGroup;
			children = (
				E8EA01CD275E9E15008B74ED /* GoogleService-Info.plist */,
				E8CB71E5275E6E0B00E14B38 /* Assets.xcassets */,
				E8CB71DC275E6E0900E14B38 /* AppDelegate.swift */,
				E8CB71DE275E6E0900E14B38 /* SceneDelegate.swift */,
			);
			path = Other;
			sourceTree = "<group>";
		};
		E8EA01BA275E7308008B74ED /* Managers */ = {
			isa = PBXGroup;
			children = (
				E8EA01C7275E751A008B74ED /* DatabaseManager.swift */,
				E8EA01C9275E7527008B74ED /* AuthManager.swift */,
				E8EA01CB275E7534008B74ED /* StorageManager.swift */,
			);
			path = Managers;
			sourceTree = "<group>";
		};
/* End PBXGroup section */

/* Begin PBXNativeTarget section */
		E8CB71D8275E6E0900E14B38 /* NEUPLUS */ = {
			isa = PBXNativeTarget;
			buildConfigurationList = E8CB71ED275E6E0B00E14B38 /* Build configuration list for PBXNativeTarget "NEUPLUS" */;
			buildPhases = (
				2B2D8DA05277DFFBBF05122B /* [CP] Check Pods Manifest.lock */,
				E8CB71D5275E6E0900E14B38 /* Sources */,
				E8CB71D6275E6E0900E14B38 /* Frameworks */,
				E8CB71D7275E6E0900E14B38 /* Resources */,
				82CCF442C68262773F029842 /* [CP] Embed Pods Frameworks */,
			);
			buildRules = (
			);
			dependencies = (
			);
			name = NEUPLUS;
			productName = NEUPLUS;
			productReference = E8CB71D9275E6E0900E14B38 /* NEUPLUS.app */;
			productType = "com.apple.product-type.application";
		};
/* End PBXNativeTarget section */

/* Begin PBXProject section */
		E8CB71D1275E6E0900E14B38 /* Project object */ = {
			isa = PBXProject;
			attributes = {
				BuildIndependentTargetsInParallel = 1;
				LastSwiftUpdateCheck = 1300;
				LastUpgradeCheck = 1300;
				TargetAttributes = {
					E8CB71D8275E6E0900E14B38 = {
						CreatedOnToolsVersion = 13.0;
					};
				};
			};
			buildConfigurationList = E8CB71D4275E6E0900E14B38 /* Build configuration list for PBXProject "NEUPLUS" */;
			compatibilityVersion = "Xcode 13.0";
			developmentRegion = en;
			hasScannedForEncodings = 0;
			knownRegions = (
				en,
				Base,
			);
			mainGroup = E8CB71D0275E6E0900E14B38;
			productRefGroup = E8CB71DA275E6E0900E14B38 /* Products */;
			projectDirPath = "";
			projectRoot = "";
			targets = (
				E8CB71D8275E6E0900E14B38 /* NEUPLUS */,
			);
		};
/* End PBXProject section */

/* Begin PBXResourcesBuildPhase section */
		E8CB71D7275E6E0900E14B38 /* Resources */ = {
			isa = PBXResourcesBuildPhase;
			buildActionMask = 2147483647;
			files = (
				E8CB71E9275E6E0B00E14B38 /* LaunchScreen.storyboard in Resources */,
				E8EA01CE275E9E15008B74ED /* GoogleService-Info.plist in Resources */,
				E8CB71E6275E6E0B00E14B38 /* Assets.xcassets in Resources */,
				E8CB71E4275E6E0900E14B38 /* Main.storyboard in Resources */,
			);
			runOnlyForDeploymentPostprocessing = 0;
		};
/* End PBXResourcesBuildPhase section */

/* Begin PBXShellScriptBuildPhase section */
		2B2D8DA05277DFFBBF05122B /* [CP] Check Pods Manifest.lock */ = {
			isa = PBXShellScriptBuildPhase;
			buildActionMask = 2147483647;
			files = (
			);
			inputFileListPaths = (
			);
			inputPaths = (
				"${PODS_PODFILE_DIR_PATH}/Podfile.lock",
				"${PODS_ROOT}/Manifest.lock",
			);
			name = "[CP] Check Pods Manifest.lock";
			outputFileListPaths = (
			);
			outputPaths = (
				"$(DERIVED_FILE_DIR)/Pods-NEUPLUS-checkManifestLockResult.txt",
			);
			runOnlyForDeploymentPostprocessing = 0;
			shellPath = /bin/sh;
			shellScript = "diff \"${PODS_PODFILE_DIR_PATH}/Podfile.lock\" \"${PODS_ROOT}/Manifest.lock\" > /dev/null\nif [ $? != 0 ] ; then\n    # print error to STDERR\n    echo \"error: The sandbox is not in sync with the Podfile.lock. Run 'pod install' or update your CocoaPods installation.\" >&2\n    exit 1\nfi\n# This output is used by Xcode 'outputs' to avoid re-running this script phase.\necho \"SUCCESS\" > \"${SCRIPT_OUTPUT_FILE_0}\"\n";
			showEnvVarsInLog = 0;
		};
		82CCF442C68262773F029842 /* [CP] Embed Pods Frameworks */ = {
			isa = PBXShellScriptBuildPhase;
			buildActionMask = 2147483647;
			files = (
			);
			inputFileListPaths = (
				"${PODS_ROOT}/Target Support Files/Pods-NEUPLUS/Pods-NEUPLUS-frameworks-${CONFIGURATION}-input-files.xcfilelist",
			);
			name = "[CP] Embed Pods Frameworks";
			outputFileListPaths = (
				"${PODS_ROOT}/Target Support Files/Pods-NEUPLUS/Pods-NEUPLUS-frameworks-${CONFIGURATION}-output-files.xcfilelist",
			);
			runOnlyForDeploymentPostprocessing = 0;
			shellPath = /bin/sh;
			shellScript = "\"${PODS_ROOT}/Target Support Files/Pods-NEUPLUS/Pods-NEUPLUS-frameworks.sh\"\n";
			showEnvVarsInLog = 0;
		};
/* End PBXShellScriptBuildPhase section */

/* Begin PBXSourcesBuildPhase section */
		E8CB71D5275E6E0900E14B38 /* Sources */ = {
			isa = PBXSourcesBuildPhase;
			buildActionMask = 2147483647;
			files = (
				E8EA01D4275EA5D5008B74ED /* BlogPost.swift in Sources */,
				E8EA01D0275EA5AB008B74ED /* User.swift in Sources */,
				E8CB71E1275E6E0900E14B38 /* HomeViewController.swift in Sources */,
				E8EA01D2275EA5CB008B74ED /* Profile.swift in Sources */,
				E8EA01C8275E751A008B74ED /* DatabaseManager.swift in Sources */,
				E8EA01CC275E7534008B74ED /* StorageManager.swift in Sources */,
				E8EA01D6275ED0F0008B74ED /* SignInViewController.swift in Sources */,
				E8CB71DD275E6E0900E14B38 /* AppDelegate.swift in Sources */,
				E8EA01D8275ED18C008B74ED /* SignUpViewController.swift in Sources */,
				E8EA01CA275E7528008B74ED /* AuthManager.swift in Sources */,
				E8EA01DC275ED3F9008B74ED /* HomePageUITabBarController.swift in Sources */,
				E8CB71DF275E6E0900E14B38 /* SceneDelegate.swift in Sources */,
			);
			runOnlyForDeploymentPostprocessing = 0;
		};
/* End PBXSourcesBuildPhase section */

/* Begin PBXVariantGroup section */
		E8CB71E2275E6E0900E14B38 /* Main.storyboard */ = {
			isa = PBXVariantGroup;
			children = (
				E8CB71E3275E6E0900E14B38 /* Base */,
			);
			name = Main.storyboard;
			sourceTree = "<group>";
		};
		E8CB71E7275E6E0B00E14B38 /* LaunchScreen.storyboard */ = {
			isa = PBXVariantGroup;
			children = (
				E8CB71E8275E6E0B00E14B38 /* Base */,
			);
			name = LaunchScreen.storyboard;
			sourceTree = "<group>";
		};
/* End PBXVariantGroup section */

/* Begin XCBuildConfiguration section */
		E8CB71EB275E6E0B00E14B38 /* Debug */ = {
			isa = XCBuildConfiguration;
			buildSettings = {
				ALWAYS_SEARCH_USER_PATHS = NO;
				CLANG_ANALYZER_NONNULL = YES;
				CLANG_ANALYZER_NUMBER_OBJECT_CONVERSION = YES_AGGRESSIVE;
				CLANG_CXX_LANGUAGE_STANDARD = "gnu++17";
				CLANG_CXX_LIBRARY = "libc++";
				CLANG_ENABLE_MODULES = YES;
				CLANG_ENABLE_OBJC_ARC = YES;
				CLANG_ENABLE_OBJC_WEAK = YES;
				CLANG_WARN_BLOCK_CAPTURE_AUTORELEASING = YES;
				CLANG_WARN_BOOL_CONVERSION = YES;
				CLANG_WARN_COMMA = YES;
				CLANG_WARN_CONSTANT_CONVERSION = YES;
				CLANG_WARN_DEPRECATED_OBJC_IMPLEMENTATIONS = YES;
				CLANG_WARN_DIRECT_OBJC_ISA_USAGE = YES_ERROR;
				CLANG_WARN_DOCUMENTATION_COMMENTS = YES;
				CLANG_WARN_EMPTY_BODY = YES;
				CLANG_WARN_ENUM_CONVERSION = YES;
				CLANG_WARN_INFINITE_RECURSION = YES;
				CLANG_WARN_INT_CONVERSION = YES;
				CLANG_WARN_NON_LITERAL_NULL_CONVERSION = YES;
				CLANG_WARN_OBJC_IMPLICIT_RETAIN_SELF = YES;
				CLANG_WARN_OBJC_LITERAL_CONVERSION = YES;
				CLANG_WARN_OBJC_ROOT_CLASS = YES_ERROR;
				CLANG_WARN_QUOTED_INCLUDE_IN_FRAMEWORK_HEADER = YES;
				CLANG_WARN_RANGE_LOOP_ANALYSIS = YES;
				CLANG_WARN_STRICT_PROTOTYPES = YES;
				CLANG_WARN_SUSPICIOUS_MOVE = YES;
				CLANG_WARN_UNGUARDED_AVAILABILITY = YES_AGGRESSIVE;
				CLANG_WARN_UNREACHABLE_CODE = YES;
				CLANG_WARN__DUPLICATE_METHOD_MATCH = YES;
				COPY_PHASE_STRIP = NO;
				DEBUG_INFORMATION_FORMAT = dwarf;
				ENABLE_STRICT_OBJC_MSGSEND = YES;
				ENABLE_TESTABILITY = YES;
				GCC_C_LANGUAGE_STANDARD = gnu11;
				GCC_DYNAMIC_NO_PIC = NO;
				GCC_NO_COMMON_BLOCKS = YES;
				GCC_OPTIMIZATION_LEVEL = 0;
				GCC_PREPROCESSOR_DEFINITIONS = (
					"DEBUG=1",
					"$(inherited)",
				);
				GCC_WARN_64_TO_32_BIT_CONVERSION = YES;
				GCC_WARN_ABOUT_RETURN_TYPE = YES_ERROR;
				GCC_WARN_UNDECLARED_SELECTOR = YES;
				GCC_WARN_UNINITIALIZED_AUTOS = YES_AGGRESSIVE;
				GCC_WARN_UNUSED_FUNCTION = YES;
				GCC_WARN_UNUSED_VARIABLE = YES;
				IPHONEOS_DEPLOYMENT_TARGET = 15.0;
				MTL_ENABLE_DEBUG_INFO = INCLUDE_SOURCE;
				MTL_FAST_MATH = YES;
				ONLY_ACTIVE_ARCH = YES;
				SDKROOT = iphoneos;
				SWIFT_ACTIVE_COMPILATION_CONDITIONS = DEBUG;
				SWIFT_OPTIMIZATION_LEVEL = "-Onone";
			};
			name = Debug;
		};
		E8CB71EC275E6E0B00E14B38 /* Release */ = {
			isa = XCBuildConfiguration;
			buildSettings = {
				ALWAYS_SEARCH_USER_PATHS = NO;
				CLANG_ANALYZER_NONNULL = YES;
				CLANG_ANALYZER_NUMBER_OBJECT_CONVERSION = YES_AGGRESSIVE;
				CLANG_CXX_LANGUAGE_STANDARD = "gnu++17";
				CLANG_CXX_LIBRARY = "libc++";
				CLANG_ENABLE_MODULES = YES;
				CLANG_ENABLE_OBJC_ARC = YES;
				CLANG_ENABLE_OBJC_WEAK = YES;
				CLANG_WARN_BLOCK_CAPTURE_AUTORELEASING = YES;
				CLANG_WARN_BOOL_CONVERSION = YES;
				CLANG_WARN_COMMA = YES;
				CLANG_WARN_CONSTANT_CONVERSION = YES;
				CLANG_WARN_DEPRECATED_OBJC_IMPLEMENTATIONS = YES;
				CLANG_WARN_DIRECT_OBJC_ISA_USAGE = YES_ERROR;
				CLANG_WARN_DOCUMENTATION_COMMENTS = YES;
				CLANG_WARN_EMPTY_BODY = YES;
				CLANG_WARN_ENUM_CONVERSION = YES;
				CLANG_WARN_INFINITE_RECURSION = YES;
				CLANG_WARN_INT_CONVERSION = YES;
				CLANG_WARN_NON_LITERAL_NULL_CONVERSION = YES;
				CLANG_WARN_OBJC_IMPLICIT_RETAIN_SELF = YES;
				CLANG_WARN_OBJC_LITERAL_CONVERSION = YES;
				CLANG_WARN_OBJC_ROOT_CLASS = YES_ERROR;
				CLANG_WARN_QUOTED_INCLUDE_IN_FRAMEWORK_HEADER = YES;
				CLANG_WARN_RANGE_LOOP_ANALYSIS = YES;
				CLANG_WARN_STRICT_PROTOTYPES = YES;
				CLANG_WARN_SUSPICIOUS_MOVE = YES;
				CLANG_WARN_UNGUARDED_AVAILABILITY = YES_AGGRESSIVE;
				CLANG_WARN_UNREACHABLE_CODE = YES;
				CLANG_WARN__DUPLICATE_METHOD_MATCH = YES;
				COPY_PHASE_STRIP = NO;
				DEBUG_INFORMATION_FORMAT = "dwarf-with-dsym";
				ENABLE_NS_ASSERTIONS = NO;
				ENABLE_STRICT_OBJC_MSGSEND = YES;
				GCC_C_LANGUAGE_STANDARD = gnu11;
				GCC_NO_COMMON_BLOCKS = YES;
				GCC_WARN_64_TO_32_BIT_CONVERSION = YES;
				GCC_WARN_ABOUT_RETURN_TYPE = YES_ERROR;
				GCC_WARN_UNDECLARED_SELECTOR = YES;
				GCC_WARN_UNINITIALIZED_AUTOS = YES_AGGRESSIVE;
				GCC_WARN_UNUSED_FUNCTION = YES;
				GCC_WARN_UNUSED_VARIABLE = YES;
				IPHONEOS_DEPLOYMENT_TARGET = 15.0;
				MTL_ENABLE_DEBUG_INFO = NO;
				MTL_FAST_MATH = YES;
				SDKROOT = iphoneos;
				SWIFT_COMPILATION_MODE = wholemodule;
				SWIFT_OPTIMIZATION_LEVEL = "-O";
				VALIDATE_PRODUCT = YES;
			};
			name = Release;
		};
		E8CB71EE275E6E0B00E14B38 /* Debug */ = {
			isa = XCBuildConfiguration;
			baseConfigurationReference = 0A3495071CECF38248CB818C /* Pods-NEUPLUS.debug.xcconfig */;
			buildSettings = {
				ASSETCATALOG_COMPILER_APPICON_NAME = AppIcon;
				ASSETCATALOG_COMPILER_GLOBAL_ACCENT_COLOR_NAME = AccentColor;
				CODE_SIGN_STYLE = Automatic;
				CURRENT_PROJECT_VERSION = 1;
				GENERATE_INFOPLIST_FILE = YES;
				INFOPLIST_FILE = NEUPLUS/Info.plist;
				INFOPLIST_KEY_UIApplicationSupportsIndirectInputEvents = YES;
				INFOPLIST_KEY_UILaunchStoryboardName = LaunchScreen;
				INFOPLIST_KEY_UIMainStoryboardFile = Main;
				INFOPLIST_KEY_UISupportedInterfaceOrientations = UIInterfaceOrientationPortrait;
				INFOPLIST_KEY_UISupportedInterfaceOrientations_iPad = "UIInterfaceOrientationPortrait UIInterfaceOrientationPortraitUpsideDown UIInterfaceOrientationLandscapeLeft UIInterfaceOrientationLandscapeRight";
				INFOPLIST_KEY_UISupportedInterfaceOrientations_iPhone = "UIInterfaceOrientationPortrait UIInterfaceOrientationLandscapeLeft UIInterfaceOrientationLandscapeRight";
				IPHONEOS_DEPLOYMENT_TARGET = 14.0;
				LD_RUNPATH_SEARCH_PATHS = (
					"$(inherited)",
					"@executable_path/Frameworks",
				);
				MARKETING_VERSION = 1.0;
				PRODUCT_BUNDLE_IDENTIFIER = YiningChen.NEUPLUS;
				PRODUCT_NAME = "$(TARGET_NAME)";
				SWIFT_EMIT_LOC_STRINGS = YES;
				SWIFT_VERSION = 5.0;
				TARGETED_DEVICE_FAMILY = 1;
			};
			name = Debug;
		};
		E8CB71EF275E6E0B00E14B38 /* Release */ = {
			isa = XCBuildConfiguration;
			baseConfigurationReference = 293628C06800D06B9ED3806B /* Pods-NEUPLUS.release.xcconfig */;
			buildSettings = {
				ASSETCATALOG_COMPILER_APPICON_NAME = AppIcon;
				ASSETCATALOG_COMPILER_GLOBAL_ACCENT_COLOR_NAME = AccentColor;
				CODE_SIGN_STYLE = Automatic;
				CURRENT_PROJECT_VERSION = 1;
				GENERATE_INFOPLIST_FILE = YES;
				INFOPLIST_FILE = NEUPLUS/Info.plist;
				INFOPLIST_KEY_UIApplicationSupportsIndirectInputEvents = YES;
				INFOPLIST_KEY_UILaunchStoryboardName = LaunchScreen;
				INFOPLIST_KEY_UIMainStoryboardFile = Main;
				INFOPLIST_KEY_UISupportedInterfaceOrientations = UIInterfaceOrientationPortrait;
				INFOPLIST_KEY_UISupportedInterfaceOrientations_iPad = "UIInterfaceOrientationPortrait UIInterfaceOrientationPortraitUpsideDown UIInterfaceOrientationLandscapeLeft UIInterfaceOrientationLandscapeRight";
				INFOPLIST_KEY_UISupportedInterfaceOrientations_iPhone = "UIInterfaceOrientationPortrait UIInterfaceOrientationLandscapeLeft UIInterfaceOrientationLandscapeRight";
				IPHONEOS_DEPLOYMENT_TARGET = 14.0;
				LD_RUNPATH_SEARCH_PATHS = (
					"$(inherited)",
					"@executable_path/Frameworks",
				);
				MARKETING_VERSION = 1.0;
				PRODUCT_BUNDLE_IDENTIFIER = YiningChen.NEUPLUS;
				PRODUCT_NAME = "$(TARGET_NAME)";
				SWIFT_EMIT_LOC_STRINGS = YES;
				SWIFT_VERSION = 5.0;
				TARGETED_DEVICE_FAMILY = 1;
			};
			name = Release;
		};
/* End XCBuildConfiguration section */

/* Begin XCConfigurationList section */
		E8CB71D4275E6E0900E14B38 /* Build configuration list for PBXProject "NEUPLUS" */ = {
			isa = XCConfigurationList;
			buildConfigurations = (
				E8CB71EB275E6E0B00E14B38 /* Debug */,
				E8CB71EC275E6E0B00E14B38 /* Release */,
			);
			defaultConfigurationIsVisible = 0;
			defaultConfigurationName = Release;
		};
		E8CB71ED275E6E0B00E14B38 /* Build configuration list for PBXNativeTarget "NEUPLUS" */ = {
			isa = XCConfigurationList;
			buildConfigurations = (
				E8CB71EE275E6E0B00E14B38 /* Debug */,
				E8CB71EF275E6E0B00E14B38 /* Release */,
			);
			defaultConfigurationIsVisible = 0;
			defaultConfigurationName = Release;
		};
/* End XCConfigurationList section */
	};
	rootObject = E8CB71D1275E6E0900E14B38 /* Project object */;
}
