// !$*UTF8*$!
{
	archiveVersion = 1;
	classes = {
	};
	objectVersion = 55;
	objects = {

/* Begin PBXBuildFile section */
		E81E77312720829600CA74B3 /* main.swift in Sources */ = {isa = PBXBuildFile; fileRef = E81E77302720829600CA74B3 /* main.swift */; };
		E8D079152725151F0097C17F /* Company.swift in Sources */ = {isa = PBXBuildFile; fileRef = E8D079142725151F0097C17F /* Company.swift */; };
		E8D07917272515620097C17F /* CompanyDirecrtory.swift in Sources */ = {isa = PBXBuildFile; fileRef = E8D07916272515620097C17F /* CompanyDirecrtory.swift */; };
		E8D079192725158C0097C17F /* Customer.swift in Sources */ = {isa = PBXBuildFile; fileRef = E8D079182725158C0097C17F /* Customer.swift */; };
		E8D0791B272515B10097C17F /* CustomerDirectory.swift in Sources */ = {isa = PBXBuildFile; fileRef = E8D0791A272515B10097C17F /* CustomerDirectory.swift */; };
		E8D0791D272515CA0097C17F /* Category.swift in Sources */ = {isa = PBXBuildFile; fileRef = E8D0791C272515CA0097C17F /* Category.swift */; };
		E8D0791F272515E90097C17F /* CategoryDirectory.swift in Sources */ = {isa = PBXBuildFile; fileRef = E8D0791E272515E90097C17F /* CategoryDirectory.swift */; };
		E8D07921272516110097C17F /* Stock.swift in Sources */ = {isa = PBXBuildFile; fileRef = E8D07920272516110097C17F /* Stock.swift */; };
		E8D07923272516430097C17F /* StockDirectory.swift in Sources */ = {isa = PBXBuildFile; fileRef = E8D07922272516430097C17F /* StockDirectory.swift */; };
/* End PBXBuildFile section */

/* Begin PBXCopyFilesBuildPhase section */
		E81E772B2720829600CA74B3 /* CopyFiles */ = {
			isa = PBXCopyFilesBuildPhase;
			buildActionMask = 2147483647;
			dstPath = /usr/share/man/man1/;
			dstSubfolderSpec = 0;
			files = (
			);
			runOnlyForDeploymentPostprocessing = 1;
		};
/* End PBXCopyFilesBuildPhase section */

/* Begin PBXFileReference section */
		E81E772D2720829600CA74B3 /* Assignment5 */ = {isa = PBXFileReference; explicitFileType = "compiled.mach-o.executable"; includeInIndex = 0; path = Assignment5; sourceTree = BUILT_PRODUCTS_DIR; };
		E81E77302720829600CA74B3 /* main.swift */ = {isa = PBXFileReference; lastKnownFileType = sourcecode.swift; path = main.swift; sourceTree = "<group>"; };
		E8D079142725151F0097C17F /* Company.swift */ = {isa = PBXFileReference; lastKnownFileType = sourcecode.swift; path = Company.swift; sourceTree = "<group>"; };
		E8D07916272515620097C17F /* CompanyDirecrtory.swift */ = {isa = PBXFileReference; lastKnownFileType = sourcecode.swift; path = CompanyDirecrtory.swift; sourceTree = "<group>"; };
		E8D079182725158C0097C17F /* Customer.swift */ = {isa = PBXFileReference; lastKnownFileType = sourcecode.swift; path = Customer.swift; sourceTree = "<group>"; };
		E8D0791A272515B10097C17F /* CustomerDirectory.swift */ = {isa = PBXFileReference; lastKnownFileType = sourcecode.swift; path = CustomerDirectory.swift; sourceTree = "<group>"; };
		E8D0791C272515CA0097C17F /* Category.swift */ = {isa = PBXFileReference; lastKnownFileType = sourcecode.swift; path = Category.swift; sourceTree = "<group>"; };
		E8D0791E272515E90097C17F /* CategoryDirectory.swift */ = {isa = PBXFileReference; lastKnownFileType = sourcecode.swift; path = CategoryDirectory.swift; sourceTree = "<group>"; };
		E8D07920272516110097C17F /* Stock.swift */ = {isa = PBXFileReference; lastKnownFileType = sourcecode.swift; path = Stock.swift; sourceTree = "<group>"; };
		E8D07922272516430097C17F /* StockDirectory.swift */ = {isa = PBXFileReference; lastKnownFileType = sourcecode.swift; path = StockDirectory.swift; sourceTree = "<group>"; };
/* End PBXFileReference section */

/* Begin PBXFrameworksBuildPhase section */
		E81E772A2720829600CA74B3 /* Frameworks */ = {
			isa = PBXFrameworksBuildPhase;
			buildActionMask = 2147483647;
			files = (
			);
			runOnlyForDeploymentPostprocessing = 0;
		};
/* End PBXFrameworksBuildPhase section */

/* Begin PBXGroup section */
		E81E77242720829600CA74B3 = {
			isa = PBXGroup;
			children = (
				E81E772F2720829600CA74B3 /* Assignment5 */,
				E81E772E2720829600CA74B3 /* Products */,
			);
			sourceTree = "<group>";
		};
		E81E772E2720829600CA74B3 /* Products */ = {
			isa = PBXGroup;
			children = (
				E81E772D2720829600CA74B3 /* Assignment5 */,
			);
			name = Products;
			sourceTree = "<group>";
		};
		E81E772F2720829600CA74B3 /* Assignment5 */ = {
			isa = PBXGroup;
			children = (
				E81E77302720829600CA74B3 /* main.swift */,
				E8D07920272516110097C17F /* Stock.swift */,
				E8D07916272515620097C17F /* CompanyDirecrtory.swift */,
				E8D079142725151F0097C17F /* Company.swift */,
				E8D079182725158C0097C17F /* Customer.swift */,
				E8D0791A272515B10097C17F /* CustomerDirectory.swift */,
				E8D0791C272515CA0097C17F /* Category.swift */,
				E8D0791E272515E90097C17F /* CategoryDirectory.swift */,
				E8D07922272516430097C17F /* StockDirectory.swift */,
			);
			path = Assignment5;
			sourceTree = "<group>";
		};
/* End PBXGroup section */

/* Begin PBXNativeTarget section */
		E81E772C2720829600CA74B3 /* Assignment5 */ = {
			isa = PBXNativeTarget;
			buildConfigurationList = E81E77342720829600CA74B3 /* Build configuration list for PBXNativeTarget "Assignment5" */;
			buildPhases = (
				E81E77292720829600CA74B3 /* Sources */,
				E81E772A2720829600CA74B3 /* Frameworks */,
				E81E772B2720829600CA74B3 /* CopyFiles */,
			);
			buildRules = (
			);
			dependencies = (
			);
			name = Assignment5;
			productName = Assignment5;
			productReference = E81E772D2720829600CA74B3 /* Assignment5 */;
			productType = "com.apple.product-type.tool";
		};
/* End PBXNativeTarget section */

/* Begin PBXProject section */
		E81E77252720829600CA74B3 /* Project object */ = {
			isa = PBXProject;
			attributes = {
				BuildIndependentTargetsInParallel = 1;
				LastSwiftUpdateCheck = 1300;
				LastUpgradeCheck = 1300;
				TargetAttributes = {
					E81E772C2720829600CA74B3 = {
						CreatedOnToolsVersion = 13.0;
					};
				};
			};
			buildConfigurationList = E81E77282720829600CA74B3 /* Build configuration list for PBXProject "Assignment5" */;
			compatibilityVersion = "Xcode 13.0";
			developmentRegion = en;
			hasScannedForEncodings = 0;
			knownRegions = (
				en,
				Base,
			);
			mainGroup = E81E77242720829600CA74B3;
			productRefGroup = E81E772E2720829600CA74B3 /* Products */;
			projectDirPath = "";
			projectRoot = "";
			targets = (
				E81E772C2720829600CA74B3 /* Assignment5 */,
			);
		};
/* End PBXProject section */

/* Begin PBXSourcesBuildPhase section */
		E81E77292720829600CA74B3 /* Sources */ = {
			isa = PBXSourcesBuildPhase;
			buildActionMask = 2147483647;
			files = (
				E81E77312720829600CA74B3 /* main.swift in Sources */,
				E8D07917272515620097C17F /* CompanyDirecrtory.swift in Sources */,
				E8D07921272516110097C17F /* Stock.swift in Sources */,
				E8D0791B272515B10097C17F /* CustomerDirectory.swift in Sources */,
				E8D079152725151F0097C17F /* Company.swift in Sources */,
				E8D079192725158C0097C17F /* Customer.swift in Sources */,
				E8D0791F272515E90097C17F /* CategoryDirectory.swift in Sources */,
				E8D07923272516430097C17F /* StockDirectory.swift in Sources */,
				E8D0791D272515CA0097C17F /* Category.swift in Sources */,
			);
			runOnlyForDeploymentPostprocessing = 0;
		};
/* End PBXSourcesBuildPhase section */

/* Begin XCBuildConfiguration section */
		E81E77322720829600CA74B3 /* Debug */ = {
			isa = XCBuildConfiguration;
			buildSettings = {
				ALWAYS_SEARCH_USER_PATHS = NO;
				CLANG_ANALYZER_NONNULL = YES;
				CLANG_ANALYZER_NUMBER_OBJECT_CONVERSION = YES_AGGRESSIVE;
				CLANG_CXX_LANGUAGE_STANDARD = "gnu++17";
				CLANG_CXX_LIBRARY = "libc++";
				CLANG_ENABLE_MODULES = YES;
				CLANG_ENABLE_OBJC_ARC = YES;
				CLANG_ENABLE_OBJC_WEAK = YES;
				CLANG_WARN_BLOCK_CAPTURE_AUTORELEASING = YES;
				CLANG_WARN_BOOL_CONVERSION = YES;
				CLANG_WARN_COMMA = YES;
				CLANG_WARN_CONSTANT_CONVERSION = YES;
				CLANG_WARN_DEPRECATED_OBJC_IMPLEMENTATIONS = YES;
				CLANG_WARN_DIRECT_OBJC_ISA_USAGE = YES_ERROR;
				CLANG_WARN_DOCUMENTATION_COMMENTS = YES;
				CLANG_WARN_EMPTY_BODY = YES;
				CLANG_WARN_ENUM_CONVERSION = YES;
				CLANG_WARN_INFINITE_RECURSION = YES;
				CLANG_WARN_INT_CONVERSION = YES;
				CLANG_WARN_NON_LITERAL_NULL_CONVERSION = YES;
				CLANG_WARN_OBJC_IMPLICIT_RETAIN_SELF = YES;
				CLANG_WARN_OBJC_LITERAL_CONVERSION = YES;
				CLANG_WARN_OBJC_ROOT_CLASS = YES_ERROR;
				CLANG_WARN_QUOTED_INCLUDE_IN_FRAMEWORK_HEADER = YES;
				CLANG_WARN_RANGE_LOOP_ANALYSIS = YES;
				CLANG_WARN_STRICT_PROTOTYPES = YES;
				CLANG_WARN_SUSPICIOUS_MOVE = YES;
				CLANG_WARN_UNGUARDED_AVAILABILITY = YES_AGGRESSIVE;
				CLANG_WARN_UNREACHABLE_CODE = YES;
				CLANG_WARN__DUPLICATE_METHOD_MATCH = YES;
				COPY_PHASE_STRIP = NO;
				DEBUG_INFORMATION_FORMAT = dwarf;
				ENABLE_STRICT_OBJC_MSGSEND = YES;
				ENABLE_TESTABILITY = YES;
				GCC_C_LANGUAGE_STANDARD = gnu11;
				GCC_DYNAMIC_NO_PIC = NO;
				GCC_NO_COMMON_BLOCKS = YES;
				GCC_OPTIMIZATION_LEVEL = 0;
				GCC_PREPROCESSOR_DEFINITIONS = (
					"DEBUG=1",
					"$(inherited)",
				);
				GCC_WARN_64_TO_32_BIT_CONVERSION = YES;
				GCC_WARN_ABOUT_RETURN_TYPE = YES_ERROR;
				GCC_WARN_UNDECLARED_SELECTOR = YES;
				GCC_WARN_UNINITIALIZED_AUTOS = YES_AGGRESSIVE;
				GCC_WARN_UNUSED_FUNCTION = YES;
				GCC_WARN_UNUSED_VARIABLE = YES;
				MACOSX_DEPLOYMENT_TARGET = 11.3;
				MTL_ENABLE_DEBUG_INFO = INCLUDE_SOURCE;
				MTL_FAST_MATH = YES;
				ONLY_ACTIVE_ARCH = YES;
				SDKROOT = macosx;
				SWIFT_ACTIVE_COMPILATION_CONDITIONS = DEBUG;
				SWIFT_OPTIMIZATION_LEVEL = "-Onone";
			};
			name = Debug;
		};
		E81E77332720829600CA74B3 /* Release */ = {
			isa = XCBuildConfiguration;
			buildSettings = {
				ALWAYS_SEARCH_USER_PATHS = NO;
				CLANG_ANALYZER_NONNULL = YES;
				CLANG_ANALYZER_NUMBER_OBJECT_CONVERSION = YES_AGGRESSIVE;
				CLANG_CXX_LANGUAGE_STANDARD = "gnu++17";
				CLANG_CXX_LIBRARY = "libc++";
				CLANG_ENABLE_MODULES = YES;
				CLANG_ENABLE_OBJC_ARC = YES;
				CLANG_ENABLE_OBJC_WEAK = YES;
				CLANG_WARN_BLOCK_CAPTURE_AUTORELEASING = YES;
				CLANG_WARN_BOOL_CONVERSION = YES;
				CLANG_WARN_COMMA = YES;
				CLANG_WARN_CONSTANT_CONVERSION = YES;
				CLANG_WARN_DEPRECATED_OBJC_IMPLEMENTATIONS = YES;
				CLANG_WARN_DIRECT_OBJC_ISA_USAGE = YES_ERROR;
				CLANG_WARN_DOCUMENTATION_COMMENTS = YES;
				CLANG_WARN_EMPTY_BODY = YES;
				CLANG_WARN_ENUM_CONVERSION = YES;
				CLANG_WARN_INFINITE_RECURSION = YES;
				CLANG_WARN_INT_CONVERSION = YES;
				CLANG_WARN_NON_LITERAL_NULL_CONVERSION = YES;
				CLANG_WARN_OBJC_IMPLICIT_RETAIN_SELF = YES;
				CLANG_WARN_OBJC_LITERAL_CONVERSION = YES;
				CLANG_WARN_OBJC_ROOT_CLASS = YES_ERROR;
				CLANG_WARN_QUOTED_INCLUDE_IN_FRAMEWORK_HEADER = YES;
				CLANG_WARN_RANGE_LOOP_ANALYSIS = YES;
				CLANG_WARN_STRICT_PROTOTYPES = YES;
				CLANG_WARN_SUSPICIOUS_MOVE = YES;
				CLANG_WARN_UNGUARDED_AVAILABILITY = YES_AGGRESSIVE;
				CLANG_WARN_UNREACHABLE_CODE = YES;
				CLANG_WARN__DUPLICATE_METHOD_MATCH = YES;
				COPY_PHASE_STRIP = NO;
				DEBUG_INFORMATION_FORMAT = "dwarf-with-dsym";
				ENABLE_NS_ASSERTIONS = NO;
				ENABLE_STRICT_OBJC_MSGSEND = YES;
				GCC_C_LANGUAGE_STANDARD = gnu11;
				GCC_NO_COMMON_BLOCKS = YES;
				GCC_WARN_64_TO_32_BIT_CONVERSION = YES;
				GCC_WARN_ABOUT_RETURN_TYPE = YES_ERROR;
				GCC_WARN_UNDECLARED_SELECTOR = YES;
				GCC_WARN_UNINITIALIZED_AUTOS = YES_AGGRESSIVE;
				GCC_WARN_UNUSED_FUNCTION = YES;
				GCC_WARN_UNUSED_VARIABLE = YES;
				MACOSX_DEPLOYMENT_TARGET = 11.3;
				MTL_ENABLE_DEBUG_INFO = NO;
				MTL_FAST_MATH = YES;
				SDKROOT = macosx;
				SWIFT_COMPILATION_MODE = wholemodule;
				SWIFT_OPTIMIZATION_LEVEL = "-O";
			};
			name = Release;
		};
		E81E77352720829600CA74B3 /* Debug */ = {
			isa = XCBuildConfiguration;
			buildSettings = {
				CODE_SIGN_STYLE = Automatic;
				PRODUCT_NAME = "$(TARGET_NAME)";
				SWIFT_VERSION = 5.0;
			};
			name = Debug;
		};
		E81E77362720829600CA74B3 /* Release */ = {
			isa = XCBuildConfiguration;
			buildSettings = {
				CODE_SIGN_STYLE = Automatic;
				PRODUCT_NAME = "$(TARGET_NAME)";
				SWIFT_VERSION = 5.0;
			};
			name = Release;
		};
/* End XCBuildConfiguration section */

/* Begin XCConfigurationList section */
		E81E77282720829600CA74B3 /* Build configuration list for PBXProject "Assignment5" */ = {
			isa = XCConfigurationList;
			buildConfigurations = (
				E81E77322720829600CA74B3 /* Debug */,
				E81E77332720829600CA74B3 /* Release */,
			);
			defaultConfigurationIsVisible = 0;
			defaultConfigurationName = Release;
		};
		E81E77342720829600CA74B3 /* Build configuration list for PBXNativeTarget "Assignment5" */ = {
			isa = XCConfigurationList;
			buildConfigurations = (
				E81E77352720829600CA74B3 /* Debug */,
				E81E77362720829600CA74B3 /* Release */,
			);
			defaultConfigurationIsVisible = 0;
			defaultConfigurationName = Release;
		};
/* End XCConfigurationList section */
	};
	rootObject = E81E77252720829600CA74B3 /* Project object */;
}
